PODS:
  - Charts (3.0.5):
    - Charts/Core (= 3.0.5)
  - Charts/Core (3.0.5)
  - MMWormhole (2.0.0):
    - MMWormhole/Core (= 2.0.0)
  - MMWormhole/Core (2.0.0)
  - Socket.IO-Client-Swift (12.0.0):
    - StarscreamSocketIO (~> 8.0.7)
  - StarscreamSocketIO (8.0.7)

DEPENDENCIES:
  - Charts
  - MMWormhole (~> 2.0.0)
  - Socket.IO-Client-Swift (~> 12.0.0)

SPEC CHECKSUMS:
  Charts: 45cdc985b764c838b35ee47eb1365d15735f6d1a
  MMWormhole: 0cd3fd35a9118b2e2d762b499f54eeaace0be791
  Socket.IO-Client-Swift: 5b0154b42b3892bfb4c44fa138cbeb8afec4f6ef
  StarscreamSocketIO: 00b54e4208481ca5cef089545353aaf126bae16d

PODFILE CHECKSUM: 21218e42881b99f25704440963b94bfae9ab53ce

COCOAPODS: 1.4.0.rc.1
