// !$*UTF8*$!
{
	archiveVersion = 1;
	classes = {
	};
	objectVersion = 46;
	objects = {

/* Begin PBXBuildFile section */
		07B5E24F254AA28FF2335971 /* Pods_openLibreReaderWidget.framework in Frameworks */ = {isa = PBXBuildFile; fileRef = 6CB164684B04AF4757626EC4 /* Pods_openLibreReaderWidget.framework */; };
		1F90B3E9D3D8BB2068303CD2 /* Pods_openLibreWatch.framework in Frameworks */ = {isa = PBXBuildFile; fileRef = 2B3773431FC39D9C70CDA31D /* Pods_openLibreWatch.framework */; };
		5CC91AA9BCBF6B83F9EA9733 /* Pods_openLibreReader.framework in Frameworks */ = {isa = PBXBuildFile; fileRef = 69010E584FBC43C6715AC1E5 /* Pods_openLibreReader.framework */; };
		6C0D172A1F7196E500050A73 /* Localizable.strings in Resources */ = {isa = PBXBuildFile; fileRef = 6C0D172C1F7196E500050A73 /* Localizable.strings */; };
		6C4184CD1F9BCFA400B156F7 /* limitter.m in Sources */ = {isa = PBXBuildFile; fileRef = 6C4184CB1F9BCFA300B156F7 /* limitter.m */; };
		6C4184D01F9CCA4C00B156F7 /* limitterDeviceViewController.m in Sources */ = {isa = PBXBuildFile; fileRef = 6C4184CF1F9CCA4C00B156F7 /* limitterDeviceViewController.m */; };
		6C56D4F41F969F43000BC92A /* NSUploadViewController.m in Sources */ = {isa = PBXBuildFile; fileRef = 6C56D4F31F969F43000BC92A /* NSUploadViewController.m */; };
		6C56D4F71F9795CA000BC92A /* nightscoutDeviceViewController.m in Sources */ = {isa = PBXBuildFile; fileRef = 6C56D4F51F9795C9000BC92A /* nightscoutDeviceViewController.m */; };
		6C59E73F1F5C633B004CC390 /* DeviceViewController.m in Sources */ = {isa = PBXBuildFile; fileRef = 6C59E73E1F5C633B004CC390 /* DeviceViewController.m */; };
		6C59E7421F5C6F37004CC390 /* DeviceCellTableViewCell.m in Sources */ = {isa = PBXBuildFile; fileRef = 6C59E7411F5C6F37004CC390 /* DeviceCellTableViewCell.m */; };
		6C59E7521F5D6050004CC390 /* DeviceStatus.m in Sources */ = {isa = PBXBuildFile; fileRef = 6C59E7511F5D6050004CC390 /* DeviceStatus.m */; };
		6C59E7551F5DA5B5004CC390 /* BluetoothDevice.m in Sources */ = {isa = PBXBuildFile; fileRef = 6C59E7541F5DA5B5004CC390 /* BluetoothDevice.m */; };
		6C59E7571F5DA696004CC390 /* BluetoothService.m in Sources */ = {isa = PBXBuildFile; fileRef = 6C59E7561F5DA696004CC390 /* BluetoothService.m */; };
		6C59E7591F5DA69F004CC390 /* blueReader.m in Sources */ = {isa = PBXBuildFile; fileRef = 6C59E7581F5DA69F004CC390 /* blueReader.m */; };
		6C59E75B1F5DA88B004CC390 /* Device.m in Sources */ = {isa = PBXBuildFile; fileRef = 6C59E75A1F5DA88B004CC390 /* Device.m */; };
		6C64BFEC1F6F15DF00879A51 /* mmol.m in Sources */ = {isa = PBXBuildFile; fileRef = 6C64BFEB1F6F15DF00879A51 /* mmol.m */; };
		6C64BFF11F6F16E900879A51 /* mgdl.m in Sources */ = {isa = PBXBuildFile; fileRef = 6C64BFF01F6F16E900879A51 /* mgdl.m */; };
		6C6C80F41F86841A00DE3B8C /* Alarms.m in Sources */ = {isa = PBXBuildFile; fileRef = 6C6C80F31F826EB500DE3B8C /* Alarms.m */; };
		6C6C80F91F86BA3800DE3B8C /* default_error.caf in Resources */ = {isa = PBXBuildFile; fileRef = 6C6C80F51F86940700DE3B8C /* default_error.caf */; };
		6C6C80FD1F86BF9500DE3B8C /* default_error_shorter.aiff in Resources */ = {isa = PBXBuildFile; fileRef = 6C6C80FB1F86BD9500DE3B8C /* default_error_shorter.aiff */; };
		6C6C80FE1F86BF9500DE3B8C /* default_error_shorter.caf in Resources */ = {isa = PBXBuildFile; fileRef = 6C6C80FC1F86BF8500DE3B8C /* default_error_shorter.caf */; };
		6C6C81011F8BE5D100DE3B8C /* UserNotificationsUI.framework in Frameworks */ = {isa = PBXBuildFile; fileRef = 6C6C80FF1F8BE5D000DE3B8C /* UserNotificationsUI.framework */; };
		6C6C81021F8BE5D100DE3B8C /* UserNotifications.framework in Frameworks */ = {isa = PBXBuildFile; fileRef = 6C6C81001F8BE5D000DE3B8C /* UserNotifications.framework */; };
		6C6C81061F912BC400DE3B8C /* ConfigurationListViewController.m in Sources */ = {isa = PBXBuildFile; fileRef = 6C6C81041F912BC300DE3B8C /* ConfigurationListViewController.m */; };
		6C6C81091F912C9800DE3B8C /* ConfigurationListTableViewCell.m in Sources */ = {isa = PBXBuildFile; fileRef = 6C6C81071F912C9800DE3B8C /* ConfigurationListTableViewCell.m */; };
		6C6C810D1F939B2500DE3B8C /* AVFoundation.framework in Frameworks */ = {isa = PBXBuildFile; fileRef = 6C6C810C1F939B2500DE3B8C /* AVFoundation.framework */; };
		6C6C81121F94EF4B00DE3B8C /* LimitsViewController.m in Sources */ = {isa = PBXBuildFile; fileRef = 6C6C81101F94EF4900DE3B8C /* LimitsViewController.m */; };
		6C6C81151F9684B900DE3B8C /* AlarmsViewController.m in Sources */ = {isa = PBXBuildFile; fileRef = 6C6C81131F9684B800DE3B8C /* AlarmsViewController.m */; };
		6C6CAB7F1F0FB6F000810568 /* main.m in Sources */ = {isa = PBXBuildFile; fileRef = 6C6CAB7E1F0FB6F000810568 /* main.m */; };
		6C6CAB821F0FB6F000810568 /* AppDelegate.m in Sources */ = {isa = PBXBuildFile; fileRef = 6C6CAB811F0FB6F000810568 /* AppDelegate.m */; };
		6C6CAB851F0FB6F000810568 /* HomeViewController.m in Sources */ = {isa = PBXBuildFile; fileRef = 6C6CAB841F0FB6F000810568 /* HomeViewController.m */; };
		6C6CAB881F0FB6F000810568 /* blueReaderDeviceViewController.m in Sources */ = {isa = PBXBuildFile; fileRef = 6C6CAB871F0FB6F000810568 /* blueReaderDeviceViewController.m */; };
		6C6CAB8B1F0FB6F000810568 /* Main.storyboard in Resources */ = {isa = PBXBuildFile; fileRef = 6C6CAB891F0FB6F000810568 /* Main.storyboard */; };
		6C6CAB8D1F0FB6F000810568 /* Assets.xcassets in Resources */ = {isa = PBXBuildFile; fileRef = 6C6CAB8C1F0FB6F000810568 /* Assets.xcassets */; };
		6C6CAB901F0FB6F000810568 /* LaunchScreen.storyboard in Resources */ = {isa = PBXBuildFile; fileRef = 6C6CAB8E1F0FB6F000810568 /* LaunchScreen.storyboard */; };
		6C6CABB31F0FDCE400810568 /* CoreBluetooth.framework in Frameworks */ = {isa = PBXBuildFile; fileRef = 6C6CABB21F0FDCE400810568 /* CoreBluetooth.framework */; };
		6C6CABB91F10112600810568 /* Storage.m in Sources */ = {isa = PBXBuildFile; fileRef = 6C6CABB81F10112600810568 /* Storage.m */; };
		6C6CABBB1F11A6BF00810568 /* libsqlite3.tbd in Frameworks */ = {isa = PBXBuildFile; fileRef = 6C6CABBA1F11A6BF00810568 /* libsqlite3.tbd */; };
		6C6CABBE1F11AD6300810568 /* bgRawValue.m in Sources */ = {isa = PBXBuildFile; fileRef = 6C6CABBD1F11AD6300810568 /* bgRawValue.m */; };
		6C6CABC11F11B69D00810568 /* Calibration.m in Sources */ = {isa = PBXBuildFile; fileRef = 6C6CABC01F11B69D00810568 /* Calibration.m */; };
		6C6CABC41F11C57C00810568 /* TestCalibration.m in Sources */ = {isa = PBXBuildFile; fileRef = 6C6CABC31F11C57C00810568 /* TestCalibration.m */; };
		6C6CABC71F12862900810568 /* Configuration.m in Sources */ = {isa = PBXBuildFile; fileRef = 6C6CABC61F12862900810568 /* Configuration.m */; };
		6C6CABCB1F12920900810568 /* bgValue.m in Sources */ = {isa = PBXBuildFile; fileRef = 6C6CABCA1F12920900810568 /* bgValue.m */; };
		6C6CABCF1F12B0B200810568 /* batteryValue.m in Sources */ = {isa = PBXBuildFile; fileRef = 6C6CABCE1F12B0B200810568 /* batteryValue.m */; };
		6C7EE8301F97E17200D4A288 /* AboutViewController.m in Sources */ = {isa = PBXBuildFile; fileRef = 6C7EE82E1F97E17100D4A288 /* AboutViewController.m */; };
		6C7EE8331F97E4FE00D4A288 /* about.html in Resources */ = {isa = PBXBuildFile; fileRef = 6C7EE8351F97E4FE00D4A288 /* about.html */; };
		6C7EE8491F9B704800D4A288 /* TodayViewController.m in Sources */ = {isa = PBXBuildFile; fileRef = 6C7EE8481F9B704800D4A288 /* TodayViewController.m */; };
		6C7EE84C1F9B704800D4A288 /* MainInterface.storyboard in Resources */ = {isa = PBXBuildFile; fileRef = 6C7EE84A1F9B704800D4A288 /* MainInterface.storyboard */; };
		6C7EE8501F9B704800D4A288 /* openLibreReaderWidget.appex in Embed App Extensions */ = {isa = PBXBuildFile; fileRef = 6C7EE8431F9B704700D4A288 /* openLibreReaderWidget.appex */; settings = {ATTRIBUTES = (RemoveHeadersOnCopy, ); }; };
		6C7EE8561F9B706200D4A288 /* MMWormhole.framework in Frameworks */ = {isa = PBXBuildFile; fileRef = 6C7EE8571F9B706200D4A288 /* MMWormhole.framework */; };
		6C7EE8581F9B706200D4A288 /* Charts.framework in Frameworks */ = {isa = PBXBuildFile; fileRef = 6CF394C51F794F06006EFECA /* Charts.framework */; };
		6C7EE8601F9B926300D4A288 /* NotificationCenter.framework in Frameworks */ = {isa = PBXBuildFile; fileRef = 6C7EE8441F9B704800D4A288 /* NotificationCenter.framework */; };
		6C7EE8621F9BB21E00D4A288 /* Media.xcassets in Resources */ = {isa = PBXBuildFile; fileRef = 6C7EE8611F9BB21E00D4A288 /* Media.xcassets */; };
		6CAEE6811F617AD1001EBDEF /* BluetoothStatus.m in Sources */ = {isa = PBXBuildFile; fileRef = 6CAEE6801F617AD1001EBDEF /* BluetoothStatus.m */; };
		6CC754A91F5DAD48008194E1 /* ConfigurationViewController.m in Sources */ = {isa = PBXBuildFile; fileRef = 6CC754A81F5DAD48008194E1 /* ConfigurationViewController.m */; };
		6CC754AC1F5DB9D5008194E1 /* ConfigurationTableViewCell.m in Sources */ = {isa = PBXBuildFile; fileRef = 6CC754AB1F5DB9D5008194E1 /* ConfigurationTableViewCell.m */; };
		6CC754B31F5F1606008194E1 /* Configurable.m in Sources */ = {isa = PBXBuildFile; fileRef = 6CC754B21F5F1606008194E1 /* Configurable.m */; };
		6CF394CF1F7A82B8006EFECA /* nightscout.m in Sources */ = {isa = PBXBuildFile; fileRef = 6CF394CD1F7A82B8006EFECA /* nightscout.m */; };
		961151501FEE7315006507F6 /* WatchScatterPlotImage.swift in Sources */ = {isa = PBXBuildFile; fileRef = 9611514F1FEE7315006507F6 /* WatchScatterPlotImage.swift */; };
		96640DE81FED31920035CCC4 /* ConnectivityHandler.swift in Sources */ = {isa = PBXBuildFile; fileRef = 96640DE71FED31920035CCC4 /* ConnectivityHandler.swift */; };
		967D19721FE5484A0088DCF5 /* Interface.storyboard in Resources */ = {isa = PBXBuildFile; fileRef = 967D19701FE5484A0088DCF5 /* Interface.storyboard */; };
		967D19741FE5484A0088DCF5 /* Assets.xcassets in Resources */ = {isa = PBXBuildFile; fileRef = 967D19731FE5484A0088DCF5 /* Assets.xcassets */; };
		967D197B1FE5484A0088DCF5 /* openLibreWatch Extension.appex in Embed App Extensions */ = {isa = PBXBuildFile; fileRef = 967D197A1FE5484A0088DCF5 /* openLibreWatch Extension.appex */; settings = {ATTRIBUTES = (RemoveHeadersOnCopy, ); }; };
		967D19801FE5484A0088DCF5 /* InterfaceController.swift in Sources */ = {isa = PBXBuildFile; fileRef = 967D197F1FE5484A0088DCF5 /* InterfaceController.swift */; };
		967D19821FE5484B0088DCF5 /* ExtensionDelegate.swift in Sources */ = {isa = PBXBuildFile; fileRef = 967D19811FE5484B0088DCF5 /* ExtensionDelegate.swift */; };
		967D19841FE5484B0088DCF5 /* NotificationController.swift in Sources */ = {isa = PBXBuildFile; fileRef = 967D19831FE5484B0088DCF5 /* NotificationController.swift */; };
		967D19861FE5484B0088DCF5 /* ComplicationController.swift in Sources */ = {isa = PBXBuildFile; fileRef = 967D19851FE5484B0088DCF5 /* ComplicationController.swift */; };
		967D19881FE5484B0088DCF5 /* Assets.xcassets in Resources */ = {isa = PBXBuildFile; fileRef = 967D19871FE5484B0088DCF5 /* Assets.xcassets */; };
		967D198D1FE5484B0088DCF5 /* openLibreWatch.app in Embed Watch Content */ = {isa = PBXBuildFile; fileRef = 967D196E1FE548490088DCF5 /* openLibreWatch.app */; };
		96A9E8121FF7B73C00FB60CA /* SimpleLinearRegressionCalibration.m in Sources */ = {isa = PBXBuildFile; fileRef = 96A9E8111FF7B73B00FB60CA /* SimpleLinearRegressionCalibration.m */; };
		96A9E81B1FF902D600FB60CA /* SimpleLinearRegressionViewController.m in Sources */ = {isa = PBXBuildFile; fileRef = 96A9E81A1FF902D600FB60CA /* SimpleLinearRegressionViewController.m */; };
		D3D66823AC638B036C44F61B /* Pods_openLibreReader.framework in Frameworks */ = {isa = PBXBuildFile; fileRef = 6C7EE85A1F9B708F00D4A288 /* Pods_openLibreReader.framework */; };
/* End PBXBuildFile section */

/* Begin PBXContainerItemProxy section */
		6C7EE84E1F9B704800D4A288 /* PBXContainerItemProxy */ = {
			isa = PBXContainerItemProxy;
			containerPortal = 6C6CAB721F0FB6F000810568 /* Project object */;
			proxyType = 1;
			remoteGlobalIDString = 6C7EE8421F9B704700D4A288;
			remoteInfo = openLibreReaderWidget;
		};
		6CF394C41F794F06006EFECA /* PBXContainerItemProxy */ = {
			isa = PBXContainerItemProxy;
			containerPortal = 6CF394BF1F794F05006EFECA /* Charts.xcodeproj */;
			proxyType = 2;
			remoteGlobalIDString = 65AD9E95D9ED4DC0BD73A743;
			remoteInfo = Charts;
		};
		6CF394C61F794F06006EFECA /* PBXContainerItemProxy */ = {
			isa = PBXContainerItemProxy;
			containerPortal = 6CF394BF1F794F05006EFECA /* Charts.xcodeproj */;
			proxyType = 2;
			remoteGlobalIDString = 1CBBC58C6CE1EBEE9852CE41;
			remoteInfo = ChartsTests;
		};
		967D197C1FE5484A0088DCF5 /* PBXContainerItemProxy */ = {
			isa = PBXContainerItemProxy;
			containerPortal = 6C6CAB721F0FB6F000810568 /* Project object */;
			proxyType = 1;
			remoteGlobalIDString = 967D19791FE5484A0088DCF5;
			remoteInfo = "openLibreWatch Extension";
		};
		967D198B1FE5484B0088DCF5 /* PBXContainerItemProxy */ = {
			isa = PBXContainerItemProxy;
			containerPortal = 6C6CAB721F0FB6F000810568 /* Project object */;
			proxyType = 1;
			remoteGlobalIDString = 967D196D1FE548490088DCF5;
			remoteInfo = openLibreWatch;
		};
/* End PBXContainerItemProxy section */

/* Begin PBXCopyFilesBuildPhase section */
		6C7EE8551F9B704800D4A288 /* Embed App Extensions */ = {
			isa = PBXCopyFilesBuildPhase;
			buildActionMask = 2147483647;
			dstPath = "";
			dstSubfolderSpec = 13;
			files = (
				6C7EE8501F9B704800D4A288 /* openLibreReaderWidget.appex in Embed App Extensions */,
			);
			name = "Embed App Extensions";
			runOnlyForDeploymentPostprocessing = 0;
		};
		967D19931FE5484B0088DCF5 /* Embed App Extensions */ = {
			isa = PBXCopyFilesBuildPhase;
			buildActionMask = 2147483647;
			dstPath = "";
			dstSubfolderSpec = 13;
			files = (
				967D197B1FE5484A0088DCF5 /* openLibreWatch Extension.appex in Embed App Extensions */,
			);
			name = "Embed App Extensions";
			runOnlyForDeploymentPostprocessing = 0;
		};
		967D19951FE5484B0088DCF5 /* Embed Watch Content */ = {
			isa = PBXCopyFilesBuildPhase;
			buildActionMask = 2147483647;
			dstPath = "$(CONTENTS_FOLDER_PATH)/Watch";
			dstSubfolderSpec = 16;
			files = (
				967D198D1FE5484B0088DCF5 /* openLibreWatch.app in Embed Watch Content */,
			);
			name = "Embed Watch Content";
			runOnlyForDeploymentPostprocessing = 0;
		};
/* End PBXCopyFilesBuildPhase section */

/* Begin PBXFileReference section */
		16D4EF9A39A3DF4758740879 /* Pods-openLibreWatch.release.xcconfig */ = {isa = PBXFileReference; includeInIndex = 1; lastKnownFileType = text.xcconfig; name = "Pods-openLibreWatch.release.xcconfig"; path = "Pods/Target Support Files/Pods-openLibreWatch/Pods-openLibreWatch.release.xcconfig"; sourceTree = "<group>"; };
		28FD1ABECB81DF9FF6A393D5 /* Pods-openLibreReaderWidget.release.xcconfig */ = {isa = PBXFileReference; includeInIndex = 1; lastKnownFileType = text.xcconfig; name = "Pods-openLibreReaderWidget.release.xcconfig"; path = "Pods/Target Support Files/Pods-openLibreReaderWidget/Pods-openLibreReaderWidget.release.xcconfig"; sourceTree = "<group>"; };
		2B3773431FC39D9C70CDA31D /* Pods_openLibreWatch.framework */ = {isa = PBXFileReference; explicitFileType = wrapper.framework; includeInIndex = 0; path = Pods_openLibreWatch.framework; sourceTree = BUILT_PRODUCTS_DIR; };
		46557CDE10947FE710BCEEB5 /* Pods-openLibreReader.debug.xcconfig */ = {isa = PBXFileReference; includeInIndex = 1; lastKnownFileType = text.xcconfig; name = "Pods-openLibreReader.debug.xcconfig"; path = "Pods/Target Support Files/Pods-openLibreReader/Pods-openLibreReader.debug.xcconfig"; sourceTree = "<group>"; };
		4A6B634884485047D4A30DA0 /* Pods-openLibreReaderWidget.debug.xcconfig */ = {isa = PBXFileReference; includeInIndex = 1; lastKnownFileType = text.xcconfig; name = "Pods-openLibreReaderWidget.debug.xcconfig"; path = "Pods/Target Support Files/Pods-openLibreReaderWidget/Pods-openLibreReaderWidget.debug.xcconfig"; sourceTree = "<group>"; };
		5014BCFD480F87CE7EB4C497 /* Pods-openLibreReader.release.xcconfig */ = {isa = PBXFileReference; includeInIndex = 1; lastKnownFileType = text.xcconfig; name = "Pods-openLibreReader.release.xcconfig"; path = "Pods/Target Support Files/Pods-openLibreReader/Pods-openLibreReader.release.xcconfig"; sourceTree = "<group>"; };
		69010E584FBC43C6715AC1E5 /* Pods_openLibreReader.framework */ = {isa = PBXFileReference; explicitFileType = wrapper.framework; includeInIndex = 0; path = Pods_openLibreReader.framework; sourceTree = BUILT_PRODUCTS_DIR; };
		6C0D172B1F7196E500050A73 /* Base */ = {isa = PBXFileReference; lastKnownFileType = text.plist.strings; name = Base; path = Base.lproj/Localizable.strings; sourceTree = "<group>"; };
		6C0D172F1F71A03500050A73 /* de */ = {isa = PBXFileReference; lastKnownFileType = text.plist.strings; name = de; path = de.lproj/Localizable.strings; sourceTree = "<group>"; };
		6C4184CB1F9BCFA300B156F7 /* limitter.m */ = {isa = PBXFileReference; lastKnownFileType = sourcecode.c.objc; path = limitter.m; sourceTree = "<group>"; };
		6C4184CC1F9BCFA400B156F7 /* limitter.h */ = {isa = PBXFileReference; lastKnownFileType = sourcecode.c.h; path = limitter.h; sourceTree = "<group>"; };
		6C4184CE1F9CCA4B00B156F7 /* limitterDeviceViewController.h */ = {isa = PBXFileReference; lastKnownFileType = sourcecode.c.h; path = limitterDeviceViewController.h; sourceTree = "<group>"; };
		6C4184CF1F9CCA4C00B156F7 /* limitterDeviceViewController.m */ = {isa = PBXFileReference; lastKnownFileType = sourcecode.c.objc; path = limitterDeviceViewController.m; sourceTree = "<group>"; };
		6C56D4F11F969F43000BC92A /* NSUploadViewController.h */ = {isa = PBXFileReference; lastKnownFileType = sourcecode.c.h; path = NSUploadViewController.h; sourceTree = "<group>"; };
		6C56D4F31F969F43000BC92A /* NSUploadViewController.m */ = {isa = PBXFileReference; lastKnownFileType = sourcecode.c.objc; path = NSUploadViewController.m; sourceTree = "<group>"; };
		6C56D4F51F9795C9000BC92A /* nightscoutDeviceViewController.m */ = {isa = PBXFileReference; lastKnownFileType = sourcecode.c.objc; path = nightscoutDeviceViewController.m; sourceTree = "<group>"; };
		6C56D4F61F9795CA000BC92A /* nightscoutDeviceViewController.h */ = {isa = PBXFileReference; lastKnownFileType = sourcecode.c.h; path = nightscoutDeviceViewController.h; sourceTree = "<group>"; };
		6C59E73D1F5C633B004CC390 /* DeviceViewController.h */ = {isa = PBXFileReference; fileEncoding = 4; lastKnownFileType = sourcecode.c.h; path = DeviceViewController.h; sourceTree = "<group>"; };
		6C59E73E1F5C633B004CC390 /* DeviceViewController.m */ = {isa = PBXFileReference; fileEncoding = 4; lastKnownFileType = sourcecode.c.objc; path = DeviceViewController.m; sourceTree = "<group>"; };
		6C59E7401F5C6F37004CC390 /* DeviceCellTableViewCell.h */ = {isa = PBXFileReference; fileEncoding = 4; lastKnownFileType = sourcecode.c.h; path = DeviceCellTableViewCell.h; sourceTree = "<group>"; };
		6C59E7411F5C6F37004CC390 /* DeviceCellTableViewCell.m */ = {isa = PBXFileReference; fileEncoding = 4; lastKnownFileType = sourcecode.c.objc; path = DeviceCellTableViewCell.m; sourceTree = "<group>"; };
		6C59E74D1F5D6029004CC390 /* Device.h */ = {isa = PBXFileReference; fileEncoding = 4; lastKnownFileType = sourcecode.c.h; path = Device.h; sourceTree = "<group>"; };
		6C59E7501F5D6050004CC390 /* DeviceStatus.h */ = {isa = PBXFileReference; fileEncoding = 4; lastKnownFileType = sourcecode.c.h; path = DeviceStatus.h; sourceTree = "<group>"; };
		6C59E7511F5D6050004CC390 /* DeviceStatus.m */ = {isa = PBXFileReference; fileEncoding = 4; lastKnownFileType = sourcecode.c.objc; path = DeviceStatus.m; sourceTree = "<group>"; };
		6C59E7531F5DA5B5004CC390 /* BluetoothDevice.h */ = {isa = PBXFileReference; fileEncoding = 4; lastKnownFileType = sourcecode.c.h; path = BluetoothDevice.h; sourceTree = "<group>"; };
		6C59E7541F5DA5B5004CC390 /* BluetoothDevice.m */ = {isa = PBXFileReference; fileEncoding = 4; lastKnownFileType = sourcecode.c.objc; path = BluetoothDevice.m; sourceTree = "<group>"; };
		6C59E7561F5DA696004CC390 /* BluetoothService.m */ = {isa = PBXFileReference; fileEncoding = 4; lastKnownFileType = sourcecode.c.objc; path = BluetoothService.m; sourceTree = "<group>"; };
		6C59E7581F5DA69F004CC390 /* blueReader.m */ = {isa = PBXFileReference; fileEncoding = 4; lastKnownFileType = sourcecode.c.objc; path = blueReader.m; sourceTree = "<group>"; };
		6C59E75A1F5DA88B004CC390 /* Device.m */ = {isa = PBXFileReference; fileEncoding = 4; lastKnownFileType = sourcecode.c.objc; path = Device.m; sourceTree = "<group>"; };
		6C64BFEA1F6F15DF00879A51 /* mmol.h */ = {isa = PBXFileReference; fileEncoding = 4; lastKnownFileType = sourcecode.c.h; path = mmol.h; sourceTree = "<group>"; };
		6C64BFEB1F6F15DF00879A51 /* mmol.m */ = {isa = PBXFileReference; fileEncoding = 4; lastKnownFileType = sourcecode.c.objc; path = mmol.m; sourceTree = "<group>"; };
		6C64BFEF1F6F16E900879A51 /* mgdl.h */ = {isa = PBXFileReference; fileEncoding = 4; lastKnownFileType = sourcecode.c.h; path = mgdl.h; sourceTree = "<group>"; };
		6C64BFF01F6F16E900879A51 /* mgdl.m */ = {isa = PBXFileReference; fileEncoding = 4; lastKnownFileType = sourcecode.c.objc; path = mgdl.m; sourceTree = "<group>"; };
		6C6C80F21F826EB500DE3B8C /* Alarms.h */ = {isa = PBXFileReference; lastKnownFileType = sourcecode.c.h; path = Alarms.h; sourceTree = "<group>"; };
		6C6C80F31F826EB500DE3B8C /* Alarms.m */ = {isa = PBXFileReference; lastKnownFileType = sourcecode.c.objc; path = Alarms.m; sourceTree = "<group>"; };
		6C6C80F51F86940700DE3B8C /* default_error.caf */ = {isa = PBXFileReference; lastKnownFileType = file; path = default_error.caf; sourceTree = "<group>"; };
		6C6C80FB1F86BD9500DE3B8C /* default_error_shorter.aiff */ = {isa = PBXFileReference; lastKnownFileType = audio.aiff; path = default_error_shorter.aiff; sourceTree = "<group>"; };
		6C6C80FC1F86BF8500DE3B8C /* default_error_shorter.caf */ = {isa = PBXFileReference; lastKnownFileType = file; path = default_error_shorter.caf; sourceTree = "<group>"; };
		6C6C80FF1F8BE5D000DE3B8C /* UserNotificationsUI.framework */ = {isa = PBXFileReference; lastKnownFileType = wrapper.framework; name = UserNotificationsUI.framework; path = System/Library/Frameworks/UserNotificationsUI.framework; sourceTree = SDKROOT; };
		6C6C81001F8BE5D000DE3B8C /* UserNotifications.framework */ = {isa = PBXFileReference; lastKnownFileType = wrapper.framework; name = UserNotifications.framework; path = System/Library/Frameworks/UserNotifications.framework; sourceTree = SDKROOT; };
		6C6C81041F912BC300DE3B8C /* ConfigurationListViewController.m */ = {isa = PBXFileReference; lastKnownFileType = sourcecode.c.objc; path = ConfigurationListViewController.m; sourceTree = "<group>"; };
		6C6C81051F912BC400DE3B8C /* ConfigurationListViewController.h */ = {isa = PBXFileReference; lastKnownFileType = sourcecode.c.h; path = ConfigurationListViewController.h; sourceTree = "<group>"; };
		6C6C81071F912C9800DE3B8C /* ConfigurationListTableViewCell.m */ = {isa = PBXFileReference; lastKnownFileType = sourcecode.c.objc; path = ConfigurationListTableViewCell.m; sourceTree = "<group>"; };
		6C6C81081F912C9800DE3B8C /* ConfigurationListTableViewCell.h */ = {isa = PBXFileReference; lastKnownFileType = sourcecode.c.h; path = ConfigurationListTableViewCell.h; sourceTree = "<group>"; };
		6C6C810A1F939B0A00DE3B8C /* AVKit.framework */ = {isa = PBXFileReference; lastKnownFileType = wrapper.framework; name = AVKit.framework; path = System/Library/Frameworks/AVKit.framework; sourceTree = SDKROOT; };
		6C6C810C1F939B2500DE3B8C /* AVFoundation.framework */ = {isa = PBXFileReference; lastKnownFileType = wrapper.framework; name = AVFoundation.framework; path = System/Library/Frameworks/AVFoundation.framework; sourceTree = SDKROOT; };
		6C6C81101F94EF4900DE3B8C /* LimitsViewController.m */ = {isa = PBXFileReference; lastKnownFileType = sourcecode.c.objc; path = LimitsViewController.m; sourceTree = "<group>"; };
		6C6C81111F94EF4A00DE3B8C /* LimitsViewController.h */ = {isa = PBXFileReference; lastKnownFileType = sourcecode.c.h; path = LimitsViewController.h; sourceTree = "<group>"; };
		6C6C81131F9684B800DE3B8C /* AlarmsViewController.m */ = {isa = PBXFileReference; lastKnownFileType = sourcecode.c.objc; path = AlarmsViewController.m; sourceTree = "<group>"; };
		6C6C81141F9684B900DE3B8C /* AlarmsViewController.h */ = {isa = PBXFileReference; lastKnownFileType = sourcecode.c.h; path = AlarmsViewController.h; sourceTree = "<group>"; };
		6C6CAB7A1F0FB6F000810568 /* openLibreReader.app */ = {isa = PBXFileReference; explicitFileType = wrapper.application; includeInIndex = 0; path = openLibreReader.app; sourceTree = BUILT_PRODUCTS_DIR; };
		6C6CAB7E1F0FB6F000810568 /* main.m */ = {isa = PBXFileReference; lastKnownFileType = sourcecode.c.objc; path = main.m; sourceTree = "<group>"; };
		6C6CAB801F0FB6F000810568 /* AppDelegate.h */ = {isa = PBXFileReference; lastKnownFileType = sourcecode.c.h; path = AppDelegate.h; sourceTree = "<group>"; };
		6C6CAB811F0FB6F000810568 /* AppDelegate.m */ = {isa = PBXFileReference; lastKnownFileType = sourcecode.c.objc; path = AppDelegate.m; sourceTree = "<group>"; };
		6C6CAB831F0FB6F000810568 /* HomeViewController.h */ = {isa = PBXFileReference; lastKnownFileType = sourcecode.c.h; path = HomeViewController.h; sourceTree = "<group>"; };
		6C6CAB841F0FB6F000810568 /* HomeViewController.m */ = {isa = PBXFileReference; lastKnownFileType = sourcecode.c.objc; path = HomeViewController.m; sourceTree = "<group>"; };
		6C6CAB861F0FB6F000810568 /* blueReaderDeviceViewController.h */ = {isa = PBXFileReference; lastKnownFileType = sourcecode.c.h; path = blueReaderDeviceViewController.h; sourceTree = "<group>"; };
		6C6CAB871F0FB6F000810568 /* blueReaderDeviceViewController.m */ = {isa = PBXFileReference; lastKnownFileType = sourcecode.c.objc; path = blueReaderDeviceViewController.m; sourceTree = "<group>"; };
		6C6CAB8A1F0FB6F000810568 /* Base */ = {isa = PBXFileReference; lastKnownFileType = file.storyboard; name = Base; path = Base.lproj/Main.storyboard; sourceTree = "<group>"; };
		6C6CAB8C1F0FB6F000810568 /* Assets.xcassets */ = {isa = PBXFileReference; lastKnownFileType = folder.assetcatalog; path = Assets.xcassets; sourceTree = "<group>"; };
		6C6CAB8F1F0FB6F000810568 /* Base */ = {isa = PBXFileReference; lastKnownFileType = file.storyboard; name = Base; path = Base.lproj/LaunchScreen.storyboard; sourceTree = "<group>"; };
		6C6CABAE1F0FDBC900810568 /* BluetoothService.h */ = {isa = PBXFileReference; fileEncoding = 4; lastKnownFileType = sourcecode.c.h; path = BluetoothService.h; sourceTree = "<group>"; };
		6C6CABB21F0FDCE400810568 /* CoreBluetooth.framework */ = {isa = PBXFileReference; lastKnownFileType = wrapper.framework; name = CoreBluetooth.framework; path = System/Library/Frameworks/CoreBluetooth.framework; sourceTree = SDKROOT; };
		6C6CABB41F100D9100810568 /* blueReader.h */ = {isa = PBXFileReference; fileEncoding = 4; lastKnownFileType = sourcecode.c.h; path = blueReader.h; sourceTree = "<group>"; };
		6C6CABB71F10112600810568 /* Storage.h */ = {isa = PBXFileReference; fileEncoding = 4; lastKnownFileType = sourcecode.c.h; path = Storage.h; sourceTree = "<group>"; };
		6C6CABB81F10112600810568 /* Storage.m */ = {isa = PBXFileReference; fileEncoding = 4; lastKnownFileType = sourcecode.c.objc; path = Storage.m; sourceTree = "<group>"; };
		6C6CABBA1F11A6BF00810568 /* libsqlite3.tbd */ = {isa = PBXFileReference; lastKnownFileType = "sourcecode.text-based-dylib-definition"; name = libsqlite3.tbd; path = usr/lib/libsqlite3.tbd; sourceTree = SDKROOT; };
		6C6CABBC1F11AD6300810568 /* bgRawValue.h */ = {isa = PBXFileReference; fileEncoding = 4; lastKnownFileType = sourcecode.c.h; path = bgRawValue.h; sourceTree = "<group>"; };
		6C6CABBD1F11AD6300810568 /* bgRawValue.m */ = {isa = PBXFileReference; fileEncoding = 4; lastKnownFileType = sourcecode.c.objc; path = bgRawValue.m; sourceTree = "<group>"; };
		6C6CABBF1F11B69D00810568 /* Calibration.h */ = {isa = PBXFileReference; fileEncoding = 4; lastKnownFileType = sourcecode.c.h; path = Calibration.h; sourceTree = "<group>"; };
		6C6CABC01F11B69D00810568 /* Calibration.m */ = {isa = PBXFileReference; fileEncoding = 4; lastKnownFileType = sourcecode.c.objc; path = Calibration.m; sourceTree = "<group>"; };
		6C6CABC21F11C57C00810568 /* TestCalibration.h */ = {isa = PBXFileReference; fileEncoding = 4; lastKnownFileType = sourcecode.c.h; path = TestCalibration.h; sourceTree = "<group>"; };
		6C6CABC31F11C57C00810568 /* TestCalibration.m */ = {isa = PBXFileReference; fileEncoding = 4; lastKnownFileType = sourcecode.c.objc; path = TestCalibration.m; sourceTree = "<group>"; };
		6C6CABC51F12862900810568 /* Configuration.h */ = {isa = PBXFileReference; fileEncoding = 4; lastKnownFileType = sourcecode.c.h; path = Configuration.h; sourceTree = "<group>"; };
		6C6CABC61F12862900810568 /* Configuration.m */ = {isa = PBXFileReference; fileEncoding = 4; lastKnownFileType = sourcecode.c.objc; path = Configuration.m; sourceTree = "<group>"; };
		6C6CABC91F12920900810568 /* bgValue.h */ = {isa = PBXFileReference; fileEncoding = 4; lastKnownFileType = sourcecode.c.h; path = bgValue.h; sourceTree = "<group>"; };
		6C6CABCA1F12920900810568 /* bgValue.m */ = {isa = PBXFileReference; fileEncoding = 4; lastKnownFileType = sourcecode.c.objc; path = bgValue.m; sourceTree = "<group>"; };
		6C6CABCD1F12B0B200810568 /* batteryValue.h */ = {isa = PBXFileReference; fileEncoding = 4; lastKnownFileType = sourcecode.c.h; path = batteryValue.h; sourceTree = "<group>"; };
		6C6CABCE1F12B0B200810568 /* batteryValue.m */ = {isa = PBXFileReference; fileEncoding = 4; lastKnownFileType = sourcecode.c.objc; path = batteryValue.m; sourceTree = "<group>"; };
		6C7EE82E1F97E17100D4A288 /* AboutViewController.m */ = {isa = PBXFileReference; lastKnownFileType = sourcecode.c.objc; path = AboutViewController.m; sourceTree = "<group>"; };
		6C7EE82F1F97E17100D4A288 /* AboutViewController.h */ = {isa = PBXFileReference; lastKnownFileType = sourcecode.c.h; path = AboutViewController.h; sourceTree = "<group>"; };
		6C7EE8341F97E4FE00D4A288 /* Base */ = {isa = PBXFileReference; lastKnownFileType = text.html; name = Base; path = Base.lproj/about.html; sourceTree = "<group>"; };
		6C7EE8361F97E50E00D4A288 /* de */ = {isa = PBXFileReference; lastKnownFileType = text.html; name = de; path = de.lproj/about.html; sourceTree = "<group>"; };
		6C7EE83A1F9810C200D4A288 /* Info.plist */ = {isa = PBXFileReference; lastKnownFileType = text.plist.xml; path = Info.plist; sourceTree = "<group>"; };
		6C7EE83C1F9B5F4D00D4A288 /* README.md */ = {isa = PBXFileReference; lastKnownFileType = net.daringfireball.markdown; path = README.md; sourceTree = "<group>"; };
		6C7EE8431F9B704700D4A288 /* openLibreReaderWidget.appex */ = {isa = PBXFileReference; explicitFileType = "wrapper.app-extension"; includeInIndex = 0; path = openLibreReaderWidget.appex; sourceTree = BUILT_PRODUCTS_DIR; };
		6C7EE8441F9B704800D4A288 /* NotificationCenter.framework */ = {isa = PBXFileReference; lastKnownFileType = wrapper.framework; name = NotificationCenter.framework; path = System/Library/Frameworks/NotificationCenter.framework; sourceTree = SDKROOT; };
		6C7EE8471F9B704800D4A288 /* TodayViewController.h */ = {isa = PBXFileReference; lastKnownFileType = sourcecode.c.h; path = TodayViewController.h; sourceTree = "<group>"; };
		6C7EE8481F9B704800D4A288 /* TodayViewController.m */ = {isa = PBXFileReference; lastKnownFileType = sourcecode.c.objc; path = TodayViewController.m; sourceTree = "<group>"; };
		6C7EE84B1F9B704800D4A288 /* Base */ = {isa = PBXFileReference; lastKnownFileType = file.storyboard; name = Base; path = Base.lproj/MainInterface.storyboard; sourceTree = "<group>"; };
		6C7EE84D1F9B704800D4A288 /* Info.plist */ = {isa = PBXFileReference; lastKnownFileType = text.plist.xml; path = Info.plist; sourceTree = "<group>"; };
		6C7EE8571F9B706200D4A288 /* MMWormhole.framework */ = {isa = PBXFileReference; explicitFileType = wrapper.framework; path = MMWormhole.framework; sourceTree = BUILT_PRODUCTS_DIR; };
		6C7EE85A1F9B708F00D4A288 /* Pods_openLibreReader.framework */ = {isa = PBXFileReference; explicitFileType = wrapper.framework; path = Pods_openLibreReader.framework; sourceTree = BUILT_PRODUCTS_DIR; };
		6C7EE85E1F9B751C00D4A288 /* openLibreReaderWidget.entitlements */ = {isa = PBXFileReference; lastKnownFileType = text.plist.entitlements; path = openLibreReaderWidget.entitlements; sourceTree = "<group>"; };
		6C7EE85F1F9B753300D4A288 /* openLibreReader.entitlements */ = {isa = PBXFileReference; lastKnownFileType = text.plist.entitlements; path = openLibreReader.entitlements; sourceTree = "<group>"; };
		6C7EE8611F9BB21E00D4A288 /* Media.xcassets */ = {isa = PBXFileReference; lastKnownFileType = folder.assetcatalog; path = Media.xcassets; sourceTree = "<group>"; };
		6CAEE67F1F617AD1001EBDEF /* BluetoothStatus.h */ = {isa = PBXFileReference; fileEncoding = 4; lastKnownFileType = sourcecode.c.h; path = BluetoothStatus.h; sourceTree = "<group>"; };
		6CAEE6801F617AD1001EBDEF /* BluetoothStatus.m */ = {isa = PBXFileReference; fileEncoding = 4; lastKnownFileType = sourcecode.c.objc; path = BluetoothStatus.m; sourceTree = "<group>"; };
		6CB164684B04AF4757626EC4 /* Pods_openLibreReaderWidget.framework */ = {isa = PBXFileReference; explicitFileType = wrapper.framework; includeInIndex = 0; path = Pods_openLibreReaderWidget.framework; sourceTree = BUILT_PRODUCTS_DIR; };
		6CB547F61F71ACD100F085BC /* de */ = {isa = PBXFileReference; lastKnownFileType = text.plist.strings; name = de; path = de.lproj/Main.strings; sourceTree = "<group>"; };
		6CB547F81F71ACDE00F085BC /* de */ = {isa = PBXFileReference; lastKnownFileType = text.plist.strings; name = de; path = de.lproj/LaunchScreen.strings; sourceTree = "<group>"; };
		6CC754A71F5DAD48008194E1 /* ConfigurationViewController.h */ = {isa = PBXFileReference; fileEncoding = 4; lastKnownFileType = sourcecode.c.h; path = ConfigurationViewController.h; sourceTree = "<group>"; };
		6CC754A81F5DAD48008194E1 /* ConfigurationViewController.m */ = {isa = PBXFileReference; fileEncoding = 4; lastKnownFileType = sourcecode.c.objc; path = ConfigurationViewController.m; sourceTree = "<group>"; };
		6CC754AA1F5DB9D5008194E1 /* ConfigurationTableViewCell.h */ = {isa = PBXFileReference; fileEncoding = 4; lastKnownFileType = sourcecode.c.h; path = ConfigurationTableViewCell.h; sourceTree = "<group>"; };
		6CC754AB1F5DB9D5008194E1 /* ConfigurationTableViewCell.m */ = {isa = PBXFileReference; fileEncoding = 4; lastKnownFileType = sourcecode.c.objc; path = ConfigurationTableViewCell.m; sourceTree = "<group>"; };
		6CC754B11F5F1606008194E1 /* Configurable.h */ = {isa = PBXFileReference; fileEncoding = 4; lastKnownFileType = sourcecode.c.h; path = Configurable.h; sourceTree = "<group>"; };
		6CC754B21F5F1606008194E1 /* Configurable.m */ = {isa = PBXFileReference; fileEncoding = 4; lastKnownFileType = sourcecode.c.objc; path = Configurable.m; sourceTree = "<group>"; };
		6CF394BF1F794F05006EFECA /* Charts.xcodeproj */ = {isa = PBXFileReference; lastKnownFileType = "wrapper.pb-project"; name = Charts.xcodeproj; path = ../Charts/Charts.xcodeproj; sourceTree = "<group>"; };
		6CF394CD1F7A82B8006EFECA /* nightscout.m */ = {isa = PBXFileReference; lastKnownFileType = sourcecode.c.objc; path = nightscout.m; sourceTree = "<group>"; };
		6CF394CE1F7A82B8006EFECA /* nightscout.h */ = {isa = PBXFileReference; lastKnownFileType = sourcecode.c.h; path = nightscout.h; sourceTree = "<group>"; };
		9611514F1FEE7315006507F6 /* WatchScatterPlotImage.swift */ = {isa = PBXFileReference; lastKnownFileType = sourcecode.swift; path = WatchScatterPlotImage.swift; sourceTree = "<group>"; };
		963689471FA8B12900D51B4C /* Starscream.framework */ = {isa = PBXFileReference; explicitFileType = wrapper.framework; path = Starscream.framework; sourceTree = BUILT_PRODUCTS_DIR; };
		96640DA71FEBCF980035CCC4 /* Bridging-Header.h */ = {isa = PBXFileReference; lastKnownFileType = sourcecode.c.h; path = "Bridging-Header.h"; sourceTree = "<group>"; };
		96640DE61FED31910035CCC4 /* openLibreReader-Bridging-Header.h */ = {isa = PBXFileReference; lastKnownFileType = sourcecode.c.h; path = "openLibreReader-Bridging-Header.h"; sourceTree = "<group>"; };
		96640DE71FED31920035CCC4 /* ConnectivityHandler.swift */ = {isa = PBXFileReference; lastKnownFileType = sourcecode.swift; path = ConnectivityHandler.swift; sourceTree = "<group>"; };
		967D196E1FE548490088DCF5 /* openLibreWatch.app */ = {isa = PBXFileReference; explicitFileType = wrapper.application; includeInIndex = 0; path = openLibreWatch.app; sourceTree = BUILT_PRODUCTS_DIR; };
		967D19711FE5484A0088DCF5 /* Base */ = {isa = PBXFileReference; lastKnownFileType = file.storyboard; name = Base; path = Base.lproj/Interface.storyboard; sourceTree = "<group>"; };
		967D19731FE5484A0088DCF5 /* Assets.xcassets */ = {isa = PBXFileReference; lastKnownFileType = folder.assetcatalog; path = Assets.xcassets; sourceTree = "<group>"; };
		967D19751FE5484A0088DCF5 /* Info.plist */ = {isa = PBXFileReference; lastKnownFileType = text.plist.xml; path = Info.plist; sourceTree = "<group>"; };
		967D197A1FE5484A0088DCF5 /* openLibreWatch Extension.appex */ = {isa = PBXFileReference; explicitFileType = "wrapper.app-extension"; includeInIndex = 0; path = "openLibreWatch Extension.appex"; sourceTree = BUILT_PRODUCTS_DIR; };
		967D197F1FE5484A0088DCF5 /* InterfaceController.swift */ = {isa = PBXFileReference; lastKnownFileType = sourcecode.swift; path = InterfaceController.swift; sourceTree = "<group>"; };
		967D19811FE5484B0088DCF5 /* ExtensionDelegate.swift */ = {isa = PBXFileReference; lastKnownFileType = sourcecode.swift; path = ExtensionDelegate.swift; sourceTree = "<group>"; };
		967D19831FE5484B0088DCF5 /* NotificationController.swift */ = {isa = PBXFileReference; lastKnownFileType = sourcecode.swift; path = NotificationController.swift; sourceTree = "<group>"; };
		967D19851FE5484B0088DCF5 /* ComplicationController.swift */ = {isa = PBXFileReference; lastKnownFileType = sourcecode.swift; path = ComplicationController.swift; sourceTree = "<group>"; };
		967D19871FE5484B0088DCF5 /* Assets.xcassets */ = {isa = PBXFileReference; lastKnownFileType = folder.assetcatalog; path = Assets.xcassets; sourceTree = "<group>"; };
		967D19891FE5484B0088DCF5 /* Info.plist */ = {isa = PBXFileReference; lastKnownFileType = text.plist.xml; path = Info.plist; sourceTree = "<group>"; };
		967D198A1FE5484B0088DCF5 /* PushNotificationPayload.apns */ = {isa = PBXFileReference; lastKnownFileType = text; path = PushNotificationPayload.apns; sourceTree = "<group>"; };
		967D19961FE55B860088DCF5 /* openLibreWatch.entitlements */ = {isa = PBXFileReference; lastKnownFileType = text.plist.entitlements; path = openLibreWatch.entitlements; sourceTree = "<group>"; };
		967D19971FE55BBA0088DCF5 /* openLibreWatch Extension.entitlements */ = {isa = PBXFileReference; lastKnownFileType = text.plist.entitlements; path = "openLibreWatch Extension.entitlements"; sourceTree = "<group>"; };
		967D19991FE69CD10088DCF5 /* demo.m */ = {isa = PBXFileReference; lastKnownFileType = sourcecode.c.objc; path = demo.m; sourceTree = "<group>"; };
		967D199C1FE6A0680088DCF5 /* demoDeviceViewController.m */ = {isa = PBXFileReference; lastKnownFileType = sourcecode.c.objc; path = demoDeviceViewController.m; sourceTree = "<group>"; };
		96A9E8101FF7B71C00FB60CA /* SimpleLinearRegressionCalibration.h */ = {isa = PBXFileReference; lastKnownFileType = sourcecode.c.h; path = SimpleLinearRegressionCalibration.h; sourceTree = "<group>"; };
		96A9E8111FF7B73B00FB60CA /* SimpleLinearRegressionCalibration.m */ = {isa = PBXFileReference; lastKnownFileType = sourcecode.c.objc; path = SimpleLinearRegressionCalibration.m; sourceTree = "<group>"; };
		96A9E8191FF902BC00FB60CA /* SimpleLinearRegressionViewController.h */ = {isa = PBXFileReference; lastKnownFileType = sourcecode.c.h; path = SimpleLinearRegressionViewController.h; sourceTree = "<group>"; };
		96A9E81A1FF902D600FB60CA /* SimpleLinearRegressionViewController.m */ = {isa = PBXFileReference; lastKnownFileType = sourcecode.c.objc; path = SimpleLinearRegressionViewController.m; sourceTree = "<group>"; };
		FDA85F3FBA8B0F9E1527DEA4 /* Pods-openLibreWatch.debug.xcconfig */ = {isa = PBXFileReference; includeInIndex = 1; lastKnownFileType = text.xcconfig; name = "Pods-openLibreWatch.debug.xcconfig"; path = "Pods/Target Support Files/Pods-openLibreWatch/Pods-openLibreWatch.debug.xcconfig"; sourceTree = "<group>"; };
/* End PBXFileReference section */

/* Begin PBXFrameworksBuildPhase section */
		0A6A3A7161BF01E63833214D /* Frameworks */ = {
			isa = PBXFrameworksBuildPhase;
			buildActionMask = 2147483647;
			files = (
				1F90B3E9D3D8BB2068303CD2 /* Pods_openLibreWatch.framework in Frameworks */,
			);
			runOnlyForDeploymentPostprocessing = 0;
		};
		6C6CAB771F0FB6F000810568 /* Frameworks */ = {
			isa = PBXFrameworksBuildPhase;
			buildActionMask = 2147483647;
			files = (
				6C6C810D1F939B2500DE3B8C /* AVFoundation.framework in Frameworks */,
				6C6C81011F8BE5D100DE3B8C /* UserNotificationsUI.framework in Frameworks */,
				6C6C81021F8BE5D100DE3B8C /* UserNotifications.framework in Frameworks */,
				6C6CABBB1F11A6BF00810568 /* libsqlite3.tbd in Frameworks */,
				6C6CABB31F0FDCE400810568 /* CoreBluetooth.framework in Frameworks */,
				5CC91AA9BCBF6B83F9EA9733 /* Pods_openLibreReader.framework in Frameworks */,
				D3D66823AC638B036C44F61B /* Pods_openLibreReader.framework in Frameworks */,
			);
			runOnlyForDeploymentPostprocessing = 0;
		};
		6C7EE8401F9B704700D4A288 /* Frameworks */ = {
			isa = PBXFrameworksBuildPhase;
			buildActionMask = 2147483647;
			files = (
				6C7EE8601F9B926300D4A288 /* NotificationCenter.framework in Frameworks */,
				6C7EE8581F9B706200D4A288 /* Charts.framework in Frameworks */,
				6C7EE8561F9B706200D4A288 /* MMWormhole.framework in Frameworks */,
				07B5E24F254AA28FF2335971 /* Pods_openLibreReaderWidget.framework in Frameworks */,
			);
			runOnlyForDeploymentPostprocessing = 0;
		};
		967D19771FE5484A0088DCF5 /* Frameworks */ = {
			isa = PBXFrameworksBuildPhase;
			buildActionMask = 2147483647;
			files = (
			);
			runOnlyForDeploymentPostprocessing = 0;
		};
/* End PBXFrameworksBuildPhase section */

/* Begin PBXGroup section */
		1FBCC21430C4C4C4462669D3 /* Pods */ = {
			isa = PBXGroup;
			children = (
				46557CDE10947FE710BCEEB5 /* Pods-openLibreReader.debug.xcconfig */,
				5014BCFD480F87CE7EB4C497 /* Pods-openLibreReader.release.xcconfig */,
				4A6B634884485047D4A30DA0 /* Pods-openLibreReaderWidget.debug.xcconfig */,
				28FD1ABECB81DF9FF6A393D5 /* Pods-openLibreReaderWidget.release.xcconfig */,
				FDA85F3FBA8B0F9E1527DEA4 /* Pods-openLibreWatch.debug.xcconfig */,
				16D4EF9A39A3DF4758740879 /* Pods-openLibreWatch.release.xcconfig */,
			);
			name = Pods;
			sourceTree = "<group>";
		};
		6C59E7431F5C82DB004CC390 /* Calibration */ = {
			isa = PBXGroup;
			children = (
				6C6CABBF1F11B69D00810568 /* Calibration.h */,
				6C6CABC01F11B69D00810568 /* Calibration.m */,
				6C6CABC21F11C57C00810568 /* TestCalibration.h */,
				6C6CABC31F11C57C00810568 /* TestCalibration.m */,
				96A9E8101FF7B71C00FB60CA /* SimpleLinearRegressionCalibration.h */,
				96A9E8111FF7B73B00FB60CA /* SimpleLinearRegressionCalibration.m */,
				96A9E8191FF902BC00FB60CA /* SimpleLinearRegressionViewController.h */,
				96A9E81A1FF902D600FB60CA /* SimpleLinearRegressionViewController.m */,
			);
			name = Calibration;
			sourceTree = "<group>";
		};
		6C59E7441F5C82F1004CC390 /* Device */ = {
			isa = PBXGroup;
			children = (
				6C59E7531F5DA5B5004CC390 /* BluetoothDevice.h */,
				6C59E7541F5DA5B5004CC390 /* BluetoothDevice.m */,
				6C59E7401F5C6F37004CC390 /* DeviceCellTableViewCell.h */,
				6C59E7411F5C6F37004CC390 /* DeviceCellTableViewCell.m */,
				6C59E73D1F5C633B004CC390 /* DeviceViewController.h */,
				6C59E73E1F5C633B004CC390 /* DeviceViewController.m */,
				6C6CABB41F100D9100810568 /* blueReader.h */,
				6C59E7581F5DA69F004CC390 /* blueReader.m */,
				6C6CAB861F0FB6F000810568 /* blueReaderDeviceViewController.h */,
				6C6CAB871F0FB6F000810568 /* blueReaderDeviceViewController.m */,
				6C59E74D1F5D6029004CC390 /* Device.h */,
				6C59E75A1F5DA88B004CC390 /* Device.m */,
				6C59E7501F5D6050004CC390 /* DeviceStatus.h */,
				6C59E7511F5D6050004CC390 /* DeviceStatus.m */,
				6CF394CE1F7A82B8006EFECA /* nightscout.h */,
				6CF394CD1F7A82B8006EFECA /* nightscout.m */,
				6C56D4F61F9795CA000BC92A /* nightscoutDeviceViewController.h */,
				6C56D4F51F9795C9000BC92A /* nightscoutDeviceViewController.m */,
				6C4184CC1F9BCFA400B156F7 /* limitter.h */,
				6C4184CB1F9BCFA300B156F7 /* limitter.m */,
				6C4184CE1F9CCA4B00B156F7 /* limitterDeviceViewController.h */,
				6C4184CF1F9CCA4C00B156F7 /* limitterDeviceViewController.m */,
			);
			name = Device;
			sourceTree = "<group>";
		};
		6C59E7451F5C8315004CC390 /* Data */ = {
			isa = PBXGroup;
			children = (
				6C6CABB71F10112600810568 /* Storage.h */,
				6C6CABB81F10112600810568 /* Storage.m */,
				6C6CABBC1F11AD6300810568 /* bgRawValue.h */,
				6C6CABBD1F11AD6300810568 /* bgRawValue.m */,
				6C6CABC91F12920900810568 /* bgValue.h */,
				6C6CABCA1F12920900810568 /* bgValue.m */,
				6C6CABCD1F12B0B200810568 /* batteryValue.h */,
				6C6CABCE1F12B0B200810568 /* batteryValue.m */,
			);
			name = Data;
			sourceTree = "<group>";
		};
		6C64BFEE1F6F163F00879A51 /* Units */ = {
			isa = PBXGroup;
			children = (
				6C64BFEA1F6F15DF00879A51 /* mmol.h */,
				6C64BFEB1F6F15DF00879A51 /* mmol.m */,
				6C64BFEF1F6F16E900879A51 /* mgdl.h */,
				6C64BFF01F6F16E900879A51 /* mgdl.m */,
			);
			name = Units;
			sourceTree = "<group>";
		};
		6C6C80F01F826E8300DE3B8C /* Alarms */ = {
			isa = PBXGroup;
			children = (
				6C6C80F21F826EB500DE3B8C /* Alarms.h */,
				6C6C80F31F826EB500DE3B8C /* Alarms.m */,
			);
			name = Alarms;
			sourceTree = "<group>";
		};
		6C6CAB711F0FB6F000810568 = {
			isa = PBXGroup;
			children = (
				6C7EE83C1F9B5F4D00D4A288 /* README.md */,
				6C6CAB7C1F0FB6F000810568 /* openLibreReader */,
				6C7EE8461F9B704800D4A288 /* openLibreReaderWidget */,
				967D196F1FE548490088DCF5 /* openLibreWatch */,
				967D197E1FE5484A0088DCF5 /* openLibreWatch Extension */,
				6C6CAB7B1F0FB6F000810568 /* Products */,
				6C6CABB11F0FDCE400810568 /* Frameworks */,
				1FBCC21430C4C4C4462669D3 /* Pods */,
				6CE27134200F829500660E56 /* Recovered References */,
			);
			sourceTree = "<group>";
		};
		6C6CAB7B1F0FB6F000810568 /* Products */ = {
			isa = PBXGroup;
			children = (
				6C6CAB7A1F0FB6F000810568 /* openLibreReader.app */,
				6C7EE8431F9B704700D4A288 /* openLibreReaderWidget.appex */,
				967D196E1FE548490088DCF5 /* openLibreWatch.app */,
				967D197A1FE5484A0088DCF5 /* openLibreWatch Extension.appex */,
			);
			name = Products;
			sourceTree = "<group>";
		};
		6C6CAB7C1F0FB6F000810568 /* openLibreReader */ = {
			isa = PBXGroup;
			children = (
				6C7EE85F1F9B753300D4A288 /* openLibreReader.entitlements */,
				6C6C80F01F826E8300DE3B8C /* Alarms */,
				6CAEE67F1F617AD1001EBDEF /* BluetoothStatus.h */,
				6CAEE6801F617AD1001EBDEF /* BluetoothStatus.m */,
				6C6CABAE1F0FDBC900810568 /* BluetoothService.h */,
				6C59E7561F5DA696004CC390 /* BluetoothService.m */,
				6CC754A51F5DAD1A008194E1 /* Configuration */,
				6C59E7451F5C8315004CC390 /* Data */,
				6C59E7441F5C82F1004CC390 /* Device */,
				6C59E7431F5C82DB004CC390 /* Calibration */,
				6C6CAB801F0FB6F000810568 /* AppDelegate.h */,
				6C6CAB811F0FB6F000810568 /* AppDelegate.m */,
				6C6CAB831F0FB6F000810568 /* HomeViewController.h */,
				6C6CAB841F0FB6F000810568 /* HomeViewController.m */,
				6C6CAB891F0FB6F000810568 /* Main.storyboard */,
				6C6CAB8C1F0FB6F000810568 /* Assets.xcassets */,
				6C6CAB8E1F0FB6F000810568 /* LaunchScreen.storyboard */,
				6C6CAB7D1F0FB6F000810568 /* Supporting Files */,
				96640DE71FED31920035CCC4 /* ConnectivityHandler.swift */,
				96640DE61FED31910035CCC4 /* openLibreReader-Bridging-Header.h */,
			);
			path = openLibreReader;
			sourceTree = "<group>";
		};
		6C6CAB7D1F0FB6F000810568 /* Supporting Files */ = {
			isa = PBXGroup;
			children = (
				6C7EE83A1F9810C200D4A288 /* Info.plist */,
				6C7EE8351F97E4FE00D4A288 /* about.html */,
				6C6C80F51F86940700DE3B8C /* default_error.caf */,
				6C6C80FB1F86BD9500DE3B8C /* default_error_shorter.aiff */,
				6C6C80FC1F86BF8500DE3B8C /* default_error_shorter.caf */,
				6C0D172C1F7196E500050A73 /* Localizable.strings */,
				6C6CAB7E1F0FB6F000810568 /* main.m */,
			);
			name = "Supporting Files";
			sourceTree = "<group>";
		};
		6C6CABB11F0FDCE400810568 /* Frameworks */ = {
			isa = PBXGroup;
			children = (
				963689471FA8B12900D51B4C /* Starscream.framework */,
				6C7EE85A1F9B708F00D4A288 /* Pods_openLibreReader.framework */,
				6C7EE8571F9B706200D4A288 /* MMWormhole.framework */,
				6C6C810C1F939B2500DE3B8C /* AVFoundation.framework */,
				6C6C810A1F939B0A00DE3B8C /* AVKit.framework */,
				6C6C81001F8BE5D000DE3B8C /* UserNotifications.framework */,
				6C6C80FF1F8BE5D000DE3B8C /* UserNotificationsUI.framework */,
				6CF394BF1F794F05006EFECA /* Charts.xcodeproj */,
				6C6CABBA1F11A6BF00810568 /* libsqlite3.tbd */,
				6C6CABB21F0FDCE400810568 /* CoreBluetooth.framework */,
				69010E584FBC43C6715AC1E5 /* Pods_openLibreReader.framework */,
				6C7EE8441F9B704800D4A288 /* NotificationCenter.framework */,
				6CB164684B04AF4757626EC4 /* Pods_openLibreReaderWidget.framework */,
				2B3773431FC39D9C70CDA31D /* Pods_openLibreWatch.framework */,
			);
			name = Frameworks;
			sourceTree = "<group>";
		};
		6C7EE8461F9B704800D4A288 /* openLibreReaderWidget */ = {
			isa = PBXGroup;
			children = (
				6C7EE85E1F9B751C00D4A288 /* openLibreReaderWidget.entitlements */,
				6C7EE8471F9B704800D4A288 /* TodayViewController.h */,
				6C7EE8481F9B704800D4A288 /* TodayViewController.m */,
				6C7EE84A1F9B704800D4A288 /* MainInterface.storyboard */,
				6C7EE84D1F9B704800D4A288 /* Info.plist */,
				6C7EE8611F9BB21E00D4A288 /* Media.xcassets */,
			);
			path = openLibreReaderWidget;
			sourceTree = "<group>";
		};
		6CC754A51F5DAD1A008194E1 /* Configuration */ = {
			isa = PBXGroup;
			children = (
				6C64BFEE1F6F163F00879A51 /* Units */,
				6CC754B11F5F1606008194E1 /* Configurable.h */,
				6CC754B21F5F1606008194E1 /* Configurable.m */,
				6C6CABC51F12862900810568 /* Configuration.h */,
				6C6CABC61F12862900810568 /* Configuration.m */,
				6CC754A71F5DAD48008194E1 /* ConfigurationViewController.h */,
				6CC754A81F5DAD48008194E1 /* ConfigurationViewController.m */,
				6CC754AA1F5DB9D5008194E1 /* ConfigurationTableViewCell.h */,
				6CC754AB1F5DB9D5008194E1 /* ConfigurationTableViewCell.m */,
				6C6C81051F912BC400DE3B8C /* ConfigurationListViewController.h */,
				6C6C81041F912BC300DE3B8C /* ConfigurationListViewController.m */,
				6C6C81081F912C9800DE3B8C /* ConfigurationListTableViewCell.h */,
				6C6C81071F912C9800DE3B8C /* ConfigurationListTableViewCell.m */,
				6C6C81111F94EF4A00DE3B8C /* LimitsViewController.h */,
				6C6C81101F94EF4900DE3B8C /* LimitsViewController.m */,
				6C6C81141F9684B900DE3B8C /* AlarmsViewController.h */,
				6C6C81131F9684B800DE3B8C /* AlarmsViewController.m */,
				6C56D4F11F969F43000BC92A /* NSUploadViewController.h */,
				6C56D4F31F969F43000BC92A /* NSUploadViewController.m */,
				6C7EE82F1F97E17100D4A288 /* AboutViewController.h */,
				6C7EE82E1F97E17100D4A288 /* AboutViewController.m */,
			);
			name = Configuration;
			sourceTree = "<group>";
		};
		6CE27134200F829500660E56 /* Recovered References */ = {
			isa = PBXGroup;
			children = (
				967D199C1FE6A0680088DCF5 /* demoDeviceViewController.m */,
				967D19991FE69CD10088DCF5 /* demo.m */,
			);
			name = "Recovered References";
			sourceTree = "<group>";
		};
		6CF394C01F794F05006EFECA /* Products */ = {
			isa = PBXGroup;
			children = (
				6CF394C51F794F06006EFECA /* Charts.framework */,
				6CF394C71F794F06006EFECA /* ChartsTests.xctest */,
			);
			name = Products;
			sourceTree = "<group>";
		};
		967D196F1FE548490088DCF5 /* openLibreWatch */ = {
			isa = PBXGroup;
			children = (
				967D19961FE55B860088DCF5 /* openLibreWatch.entitlements */,
				967D19701FE5484A0088DCF5 /* Interface.storyboard */,
				967D19731FE5484A0088DCF5 /* Assets.xcassets */,
				967D19751FE5484A0088DCF5 /* Info.plist */,
			);
			path = openLibreWatch;
			sourceTree = "<group>";
		};
		967D197E1FE5484A0088DCF5 /* openLibreWatch Extension */ = {
			isa = PBXGroup;
			children = (
				967D19971FE55BBA0088DCF5 /* openLibreWatch Extension.entitlements */,
				967D197F1FE5484A0088DCF5 /* InterfaceController.swift */,
				967D19811FE5484B0088DCF5 /* ExtensionDelegate.swift */,
				967D19831FE5484B0088DCF5 /* NotificationController.swift */,
				967D19851FE5484B0088DCF5 /* ComplicationController.swift */,
				967D19871FE5484B0088DCF5 /* Assets.xcassets */,
				967D19891FE5484B0088DCF5 /* Info.plist */,
				967D198A1FE5484B0088DCF5 /* PushNotificationPayload.apns */,
				96640DA71FEBCF980035CCC4 /* Bridging-Header.h */,
				9611514F1FEE7315006507F6 /* WatchScatterPlotImage.swift */,
			);
			path = "openLibreWatch Extension";
			sourceTree = "<group>";
		};
/* End PBXGroup section */

/* Begin PBXNativeTarget section */
		6C6CAB791F0FB6F000810568 /* openLibreReader */ = {
			isa = PBXNativeTarget;
			buildConfigurationList = 6C6CAB941F0FB6F000810568 /* Build configuration list for PBXNativeTarget "openLibreReader" */;
			buildPhases = (
				6371FDDA41B0782C2FDB709B /* [CP] Check Pods Manifest.lock */,
				6C6CAB761F0FB6F000810568 /* Sources */,
				6C6CAB771F0FB6F000810568 /* Frameworks */,
				6C6CAB781F0FB6F000810568 /* Resources */,
				D1C5DDEF095EDA2FE1FE1E0F /* [CP] Embed Pods Frameworks */,
				75D3D3621FBA879E7ECD65AE /* [CP] Copy Pods Resources */,
				6C6C81031F91162400DE3B8C /* Run Script */,
				6C7EE8551F9B704800D4A288 /* Embed App Extensions */,
				967D19951FE5484B0088DCF5 /* Embed Watch Content */,
			);
			buildRules = (
			);
			dependencies = (
				6C7EE84F1F9B704800D4A288 /* PBXTargetDependency */,
				967D198C1FE5484B0088DCF5 /* PBXTargetDependency */,
			);
			name = openLibreReader;
			productName = openLibreReader;
			productReference = 6C6CAB7A1F0FB6F000810568 /* openLibreReader.app */;
			productType = "com.apple.product-type.application";
		};
		6C7EE8421F9B704700D4A288 /* openLibreReaderWidget */ = {
			isa = PBXNativeTarget;
			buildConfigurationList = 6C7EE8541F9B704800D4A288 /* Build configuration list for PBXNativeTarget "openLibreReaderWidget" */;
			buildPhases = (
				31A8BAF03DC5F6D28BF67420 /* [CP] Check Pods Manifest.lock */,
				6C7EE83F1F9B704700D4A288 /* Sources */,
				6C7EE8401F9B704700D4A288 /* Frameworks */,
				6C7EE8411F9B704700D4A288 /* Resources */,
				886B142DFA507E75E6E1237B /* [CP] Copy Pods Resources */,
			);
			buildRules = (
			);
			dependencies = (
			);
			name = openLibreReaderWidget;
			productName = openLibreReaderWidget;
			productReference = 6C7EE8431F9B704700D4A288 /* openLibreReaderWidget.appex */;
			productType = "com.apple.product-type.app-extension";
		};
		967D196D1FE548490088DCF5 /* openLibreWatch */ = {
			isa = PBXNativeTarget;
			buildConfigurationList = 967D19941FE5484B0088DCF5 /* Build configuration list for PBXNativeTarget "openLibreWatch" */;
			buildPhases = (
				B4FA531BB220780D0402206D /* [CP] Check Pods Manifest.lock */,
				967D196C1FE548490088DCF5 /* Resources */,
				967D19931FE5484B0088DCF5 /* Embed App Extensions */,
				0A6A3A7161BF01E63833214D /* Frameworks */,
				05FC3021F33ADD49664F46F2 /* [CP] Copy Pods Resources */,
			);
			buildRules = (
			);
			dependencies = (
				967D197D1FE5484A0088DCF5 /* PBXTargetDependency */,
			);
			name = openLibreWatch;
			productName = openLibreWatch;
			productReference = 967D196E1FE548490088DCF5 /* openLibreWatch.app */;
			productType = "com.apple.product-type.application.watchapp2";
		};
		967D19791FE5484A0088DCF5 /* openLibreWatch Extension */ = {
			isa = PBXNativeTarget;
			buildConfigurationList = 967D19921FE5484B0088DCF5 /* Build configuration list for PBXNativeTarget "openLibreWatch Extension" */;
			buildPhases = (
				967D19761FE5484A0088DCF5 /* Sources */,
				967D19771FE5484A0088DCF5 /* Frameworks */,
				967D19781FE5484A0088DCF5 /* Resources */,
			);
			buildRules = (
			);
			dependencies = (
			);
			name = "openLibreWatch Extension";
			productName = "openLibreWatch Extension";
			productReference = 967D197A1FE5484A0088DCF5 /* openLibreWatch Extension.appex */;
			productType = "com.apple.product-type.watchkit2-extension";
		};
/* End PBXNativeTarget section */

/* Begin PBXProject section */
		6C6CAB721F0FB6F000810568 /* Project object */ = {
			isa = PBXProject;
			attributes = {
				LastSwiftUpdateCheck = 0900;
				LastUpgradeCheck = 0920;
				ORGANIZATIONNAME = "Sandra Keßler";
				TargetAttributes = {
					6C6CAB791F0FB6F000810568 = {
						CreatedOnToolsVersion = 8.3.3;
						DevelopmentTeam = P7MBNPZ547;
						LastSwiftMigration = 0920;
						ProvisioningStyle = Automatic;
						SystemCapabilities = {
							com.apple.ApplicationGroups.iOS = {
								enabled = 1;
							};
						};
					};
					6C7EE8421F9B704700D4A288 = {
						CreatedOnToolsVersion = 9.0;
						DevelopmentTeam = P7MBNPZ547;
						ProvisioningStyle = Automatic;
						SystemCapabilities = {
							com.apple.ApplicationGroups.iOS = {
								enabled = 1;
							};
						};
					};
					967D196D1FE548490088DCF5 = {
						CreatedOnToolsVersion = 9.0.1;
						DevelopmentTeam = P7MBNPZ547;
						ProvisioningStyle = Automatic;
						SystemCapabilities = {
							com.apple.ApplicationGroups.iOS = {
								enabled = 1;
							};
						};
					};
					967D19791FE5484A0088DCF5 = {
						CreatedOnToolsVersion = 9.0.1;
						DevelopmentTeam = P7MBNPZ547;
						ProvisioningStyle = Automatic;
						SystemCapabilities = {
							com.apple.ApplicationGroups.iOS = {
								enabled = 1;
							};
						};
					};
				};
			};
			buildConfigurationList = 6C6CAB751F0FB6F000810568 /* Build configuration list for PBXProject "openLibreReader" */;
			compatibilityVersion = "Xcode 3.2";
			developmentRegion = English;
			hasScannedForEncodings = 0;
			knownRegions = (
				en,
				Base,
				de,
			);
			mainGroup = 6C6CAB711F0FB6F000810568;
			productRefGroup = 6C6CAB7B1F0FB6F000810568 /* Products */;
			projectDirPath = "";
			projectReferences = (
				{
					ProductGroup = 6CF394C01F794F05006EFECA /* Products */;
					ProjectRef = 6CF394BF1F794F05006EFECA /* Charts.xcodeproj */;
				},
			);
			projectRoot = "";
			targets = (
				6C6CAB791F0FB6F000810568 /* openLibreReader */,
				6C7EE8421F9B704700D4A288 /* openLibreReaderWidget */,
				967D196D1FE548490088DCF5 /* openLibreWatch */,
				967D19791FE5484A0088DCF5 /* openLibreWatch Extension */,
			);
		};
/* End PBXProject section */

/* Begin PBXReferenceProxy section */
		6CF394C51F794F06006EFECA /* Charts.framework */ = {
			isa = PBXReferenceProxy;
			fileType = wrapper.framework;
			path = Charts.framework;
			remoteRef = 6CF394C41F794F06006EFECA /* PBXContainerItemProxy */;
			sourceTree = BUILT_PRODUCTS_DIR;
		};
		6CF394C71F794F06006EFECA /* ChartsTests.xctest */ = {
			isa = PBXReferenceProxy;
			fileType = wrapper.cfbundle;
			path = ChartsTests.xctest;
			remoteRef = 6CF394C61F794F06006EFECA /* PBXContainerItemProxy */;
			sourceTree = BUILT_PRODUCTS_DIR;
		};
/* End PBXReferenceProxy section */

/* Begin PBXResourcesBuildPhase section */
		6C6CAB781F0FB6F000810568 /* Resources */ = {
			isa = PBXResourcesBuildPhase;
			buildActionMask = 2147483647;
			files = (
				6C7EE8331F97E4FE00D4A288 /* about.html in Resources */,
				6C6CAB901F0FB6F000810568 /* LaunchScreen.storyboard in Resources */,
				6C0D172A1F7196E500050A73 /* Localizable.strings in Resources */,
				6C6CAB8D1F0FB6F000810568 /* Assets.xcassets in Resources */,
				6C6CAB8B1F0FB6F000810568 /* Main.storyboard in Resources */,
				6C6C80F91F86BA3800DE3B8C /* default_error.caf in Resources */,
				6C6C80FD1F86BF9500DE3B8C /* default_error_shorter.aiff in Resources */,
				6C6C80FE1F86BF9500DE3B8C /* default_error_shorter.caf in Resources */,
			);
			runOnlyForDeploymentPostprocessing = 0;
		};
		6C7EE8411F9B704700D4A288 /* Resources */ = {
			isa = PBXResourcesBuildPhase;
			buildActionMask = 2147483647;
			files = (
				6C7EE8621F9BB21E00D4A288 /* Media.xcassets in Resources */,
				6C7EE84C1F9B704800D4A288 /* MainInterface.storyboard in Resources */,
			);
			runOnlyForDeploymentPostprocessing = 0;
		};
		967D196C1FE548490088DCF5 /* Resources */ = {
			isa = PBXResourcesBuildPhase;
			buildActionMask = 2147483647;
			files = (
				967D19741FE5484A0088DCF5 /* Assets.xcassets in Resources */,
				967D19721FE5484A0088DCF5 /* Interface.storyboard in Resources */,
			);
			runOnlyForDeploymentPostprocessing = 0;
		};
		967D19781FE5484A0088DCF5 /* Resources */ = {
			isa = PBXResourcesBuildPhase;
			buildActionMask = 2147483647;
			files = (
				967D19881FE5484B0088DCF5 /* Assets.xcassets in Resources */,
			);
			runOnlyForDeploymentPostprocessing = 0;
		};
/* End PBXResourcesBuildPhase section */

/* Begin PBXShellScriptBuildPhase section */
		05FC3021F33ADD49664F46F2 /* [CP] Copy Pods Resources */ = {
			isa = PBXShellScriptBuildPhase;
			buildActionMask = 2147483647;
			files = (
			);
			inputPaths = (
			);
			name = "[CP] Copy Pods Resources";
			outputPaths = (
			);
			runOnlyForDeploymentPostprocessing = 0;
			shellPath = /bin/sh;
			shellScript = "\"${SRCROOT}/Pods/Target Support Files/Pods-openLibreWatch/Pods-openLibreWatch-resources.sh\"\n";
			showEnvVarsInLog = 0;
		};
		31A8BAF03DC5F6D28BF67420 /* [CP] Check Pods Manifest.lock */ = {
			isa = PBXShellScriptBuildPhase;
			buildActionMask = 2147483647;
			files = (
			);
			inputPaths = (
				"${PODS_PODFILE_DIR_PATH}/Podfile.lock",
				"${PODS_ROOT}/Manifest.lock",
			);
			name = "[CP] Check Pods Manifest.lock";
			outputPaths = (
				"$(DERIVED_FILE_DIR)/Pods-openLibreReaderWidget-checkManifestLockResult.txt",
			);
			runOnlyForDeploymentPostprocessing = 0;
			shellPath = /bin/sh;
			shellScript = "diff \"${PODS_PODFILE_DIR_PATH}/Podfile.lock\" \"${PODS_ROOT}/Manifest.lock\" > /dev/null\nif [ $? != 0 ] ; then\n    # print error to STDERR\n    echo \"error: The sandbox is not in sync with the Podfile.lock. Run 'pod install' or update your CocoaPods installation.\" >&2\n    exit 1\nfi\n# This output is used by Xcode 'outputs' to avoid re-running this script phase.\necho \"SUCCESS\" > \"${SCRIPT_OUTPUT_FILE_0}\"\n";
			showEnvVarsInLog = 0;
		};
		6371FDDA41B0782C2FDB709B /* [CP] Check Pods Manifest.lock */ = {
			isa = PBXShellScriptBuildPhase;
			buildActionMask = 2147483647;
			files = (
			);
			inputPaths = (
				"${PODS_PODFILE_DIR_PATH}/Podfile.lock",
				"${PODS_ROOT}/Manifest.lock",
			);
			name = "[CP] Check Pods Manifest.lock";
			outputPaths = (
				"$(DERIVED_FILE_DIR)/Pods-openLibreReader-checkManifestLockResult.txt",
			);
			runOnlyForDeploymentPostprocessing = 0;
			shellPath = /bin/sh;
			shellScript = "diff \"${PODS_PODFILE_DIR_PATH}/Podfile.lock\" \"${PODS_ROOT}/Manifest.lock\" > /dev/null\nif [ $? != 0 ] ; then\n    # print error to STDERR\n    echo \"error: The sandbox is not in sync with the Podfile.lock. Run 'pod install' or update your CocoaPods installation.\" >&2\n    exit 1\nfi\n# This output is used by Xcode 'outputs' to avoid re-running this script phase.\necho \"SUCCESS\" > \"${SCRIPT_OUTPUT_FILE_0}\"\n";
			showEnvVarsInLog = 0;
		};
		6C6C81031F91162400DE3B8C /* Run Script */ = {
			isa = PBXShellScriptBuildPhase;
			buildActionMask = 2147483647;
			files = (
			);
			inputPaths = (
			);
			name = "Run Script";
			outputPaths = (
			);
			runOnlyForDeploymentPostprocessing = 0;
			shellPath = /bin/sh;
			shellScript = "if which bartycrouch > /dev/null; then\n# Incrementally update all Storyboards/XIBs strings files\nbartycrouch interfaces -p \"$PROJECT_DIR\"\n\n# Add new keys to Localizable.strings files from NSLocalizedString in code\nbartycrouch code -p \"$PROJECT_DIR\" -l \"$PROJECT_DIR\" -a -s\nelse\necho \"warning: BartyCrouch not installed, download it from https://github.com/Flinesoft/BartyCrouch\"\nfi";
		};
		75D3D3621FBA879E7ECD65AE /* [CP] Copy Pods Resources */ = {
			isa = PBXShellScriptBuildPhase;
			buildActionMask = 2147483647;
			files = (
			);
			inputPaths = (
			);
			name = "[CP] Copy Pods Resources";
			outputPaths = (
			);
			runOnlyForDeploymentPostprocessing = 0;
			shellPath = /bin/sh;
			shellScript = "\"${SRCROOT}/Pods/Target Support Files/Pods-openLibreReader/Pods-openLibreReader-resources.sh\"\n";
			showEnvVarsInLog = 0;
		};
		886B142DFA507E75E6E1237B /* [CP] Copy Pods Resources */ = {
			isa = PBXShellScriptBuildPhase;
			buildActionMask = 2147483647;
			files = (
			);
			inputPaths = (
			);
			name = "[CP] Copy Pods Resources";
			outputPaths = (
			);
			runOnlyForDeploymentPostprocessing = 0;
			shellPath = /bin/sh;
			shellScript = "\"${SRCROOT}/Pods/Target Support Files/Pods-openLibreReaderWidget/Pods-openLibreReaderWidget-resources.sh\"\n";
			showEnvVarsInLog = 0;
		};
		B4FA531BB220780D0402206D /* [CP] Check Pods Manifest.lock */ = {
			isa = PBXShellScriptBuildPhase;
			buildActionMask = 2147483647;
			files = (
			);
			inputPaths = (
				"${PODS_PODFILE_DIR_PATH}/Podfile.lock",
				"${PODS_ROOT}/Manifest.lock",
			);
			name = "[CP] Check Pods Manifest.lock";
			outputPaths = (
				"$(DERIVED_FILE_DIR)/Pods-openLibreWatch-checkManifestLockResult.txt",
			);
			runOnlyForDeploymentPostprocessing = 0;
			shellPath = /bin/sh;
			shellScript = "diff \"${PODS_PODFILE_DIR_PATH}/Podfile.lock\" \"${PODS_ROOT}/Manifest.lock\" > /dev/null\nif [ $? != 0 ] ; then\n    # print error to STDERR\n    echo \"error: The sandbox is not in sync with the Podfile.lock. Run 'pod install' or update your CocoaPods installation.\" >&2\n    exit 1\nfi\n# This output is used by Xcode 'outputs' to avoid re-running this script phase.\necho \"SUCCESS\" > \"${SCRIPT_OUTPUT_FILE_0}\"\n";
			showEnvVarsInLog = 0;
		};
		D1C5DDEF095EDA2FE1FE1E0F /* [CP] Embed Pods Frameworks */ = {
			isa = PBXShellScriptBuildPhase;
			buildActionMask = 2147483647;
			files = (
			);
			inputPaths = (
				"${SRCROOT}/Pods/Target Support Files/Pods-openLibreReader/Pods-openLibreReader-frameworks.sh",
				"${BUILT_PRODUCTS_DIR}/Charts/Charts.framework",
				"${BUILT_PRODUCTS_DIR}/MMWormhole/MMWormhole.framework",
				"${BUILT_PRODUCTS_DIR}/Socket.IO-Client-Swift/SocketIO.framework",
				"${BUILT_PRODUCTS_DIR}/StarscreamSocketIO/StarscreamSocketIO.framework",
			);
			name = "[CP] Embed Pods Frameworks";
			outputPaths = (
				"${TARGET_BUILD_DIR}/${FRAMEWORKS_FOLDER_PATH}/Charts.framework",
				"${TARGET_BUILD_DIR}/${FRAMEWORKS_FOLDER_PATH}/MMWormhole.framework",
				"${TARGET_BUILD_DIR}/${FRAMEWORKS_FOLDER_PATH}/SocketIO.framework",
				"${TARGET_BUILD_DIR}/${FRAMEWORKS_FOLDER_PATH}/StarscreamSocketIO.framework",
			);
			runOnlyForDeploymentPostprocessing = 0;
			shellPath = /bin/sh;
			shellScript = "\"${SRCROOT}/Pods/Target Support Files/Pods-openLibreReader/Pods-openLibreReader-frameworks.sh\"\n";
			showEnvVarsInLog = 0;
		};
/* End PBXShellScriptBuildPhase section */

/* Begin PBXSourcesBuildPhase section */
		6C6CAB761F0FB6F000810568 /* Sources */ = {
			isa = PBXSourcesBuildPhase;
			buildActionMask = 2147483647;
			files = (
				6C6C81091F912C9800DE3B8C /* ConfigurationListTableViewCell.m in Sources */,
				6C4184D01F9CCA4C00B156F7 /* limitterDeviceViewController.m in Sources */,
				6C6C80F41F86841A00DE3B8C /* Alarms.m in Sources */,
				6C59E7591F5DA69F004CC390 /* blueReader.m in Sources */,
				6C6CABB91F10112600810568 /* Storage.m in Sources */,
				6C56D4F71F9795CA000BC92A /* nightscoutDeviceViewController.m in Sources */,
				6CC754AC1F5DB9D5008194E1 /* ConfigurationTableViewCell.m in Sources */,
				6C6CABC41F11C57C00810568 /* TestCalibration.m in Sources */,
				6C6C81121F94EF4B00DE3B8C /* LimitsViewController.m in Sources */,
				6C59E75B1F5DA88B004CC390 /* Device.m in Sources */,
				6C6CAB881F0FB6F000810568 /* blueReaderDeviceViewController.m in Sources */,
				6C59E7521F5D6050004CC390 /* DeviceStatus.m in Sources */,
				6C6C81151F9684B900DE3B8C /* AlarmsViewController.m in Sources */,
				6C59E7551F5DA5B5004CC390 /* BluetoothDevice.m in Sources */,
				6CC754A91F5DAD48008194E1 /* ConfigurationViewController.m in Sources */,
				6C6CAB821F0FB6F000810568 /* AppDelegate.m in Sources */,
				6C64BFF11F6F16E900879A51 /* mgdl.m in Sources */,
				6C6CABCF1F12B0B200810568 /* batteryValue.m in Sources */,
				6C4184CD1F9BCFA400B156F7 /* limitter.m in Sources */,
				6C56D4F41F969F43000BC92A /* NSUploadViewController.m in Sources */,
				6C6CABC11F11B69D00810568 /* Calibration.m in Sources */,
				96640DE81FED31920035CCC4 /* ConnectivityHandler.swift in Sources */,
				6CF394CF1F7A82B8006EFECA /* nightscout.m in Sources */,
				6C6CABCB1F12920900810568 /* bgValue.m in Sources */,
				6C6CAB851F0FB6F000810568 /* HomeViewController.m in Sources */,
				6CAEE6811F617AD1001EBDEF /* BluetoothStatus.m in Sources */,
				6C59E7571F5DA696004CC390 /* BluetoothService.m in Sources */,
				6C6CAB7F1F0FB6F000810568 /* main.m in Sources */,
				96A9E81B1FF902D600FB60CA /* SimpleLinearRegressionViewController.m in Sources */,
				6C6CABBE1F11AD6300810568 /* bgRawValue.m in Sources */,
				6C59E7421F5C6F37004CC390 /* DeviceCellTableViewCell.m in Sources */,
				6C59E73F1F5C633B004CC390 /* DeviceViewController.m in Sources */,
				6C6C81061F912BC400DE3B8C /* ConfigurationListViewController.m in Sources */,
				6CC754B31F5F1606008194E1 /* Configurable.m in Sources */,
				6C7EE8301F97E17200D4A288 /* AboutViewController.m in Sources */,
				96A9E8121FF7B73C00FB60CA /* SimpleLinearRegressionCalibration.m in Sources */,
				6C6CABC71F12862900810568 /* Configuration.m in Sources */,
				6C64BFEC1F6F15DF00879A51 /* mmol.m in Sources */,
			);
			runOnlyForDeploymentPostprocessing = 0;
		};
		6C7EE83F1F9B704700D4A288 /* Sources */ = {
			isa = PBXSourcesBuildPhase;
			buildActionMask = 2147483647;
			files = (
				6C7EE8491F9B704800D4A288 /* TodayViewController.m in Sources */,
			);
			runOnlyForDeploymentPostprocessing = 0;
		};
		967D19761FE5484A0088DCF5 /* Sources */ = {
			isa = PBXSourcesBuildPhase;
			buildActionMask = 2147483647;
			files = (
				961151501FEE7315006507F6 /* WatchScatterPlotImage.swift in Sources */,
				967D19841FE5484B0088DCF5 /* NotificationController.swift in Sources */,
				967D19861FE5484B0088DCF5 /* ComplicationController.swift in Sources */,
				967D19821FE5484B0088DCF5 /* ExtensionDelegate.swift in Sources */,
				967D19801FE5484A0088DCF5 /* InterfaceController.swift in Sources */,
			);
			runOnlyForDeploymentPostprocessing = 0;
		};
/* End PBXSourcesBuildPhase section */

/* Begin PBXTargetDependency section */
		6C7EE84F1F9B704800D4A288 /* PBXTargetDependency */ = {
			isa = PBXTargetDependency;
			target = 6C7EE8421F9B704700D4A288 /* openLibreReaderWidget */;
			targetProxy = 6C7EE84E1F9B704800D4A288 /* PBXContainerItemProxy */;
		};
		967D197D1FE5484A0088DCF5 /* PBXTargetDependency */ = {
			isa = PBXTargetDependency;
			target = 967D19791FE5484A0088DCF5 /* openLibreWatch Extension */;
			targetProxy = 967D197C1FE5484A0088DCF5 /* PBXContainerItemProxy */;
		};
		967D198C1FE5484B0088DCF5 /* PBXTargetDependency */ = {
			isa = PBXTargetDependency;
			target = 967D196D1FE548490088DCF5 /* openLibreWatch */;
			targetProxy = 967D198B1FE5484B0088DCF5 /* PBXContainerItemProxy */;
		};
/* End PBXTargetDependency section */

/* Begin PBXVariantGroup section */
		6C0D172C1F7196E500050A73 /* Localizable.strings */ = {
			isa = PBXVariantGroup;
			children = (
				6C0D172B1F7196E500050A73 /* Base */,
				6C0D172F1F71A03500050A73 /* de */,
			);
			name = Localizable.strings;
			sourceTree = "<group>";
		};
		6C6CAB891F0FB6F000810568 /* Main.storyboard */ = {
			isa = PBXVariantGroup;
			children = (
				6C6CAB8A1F0FB6F000810568 /* Base */,
				6CB547F61F71ACD100F085BC /* de */,
			);
			name = Main.storyboard;
			sourceTree = "<group>";
		};
		6C6CAB8E1F0FB6F000810568 /* LaunchScreen.storyboard */ = {
			isa = PBXVariantGroup;
			children = (
				6C6CAB8F1F0FB6F000810568 /* Base */,
				6CB547F81F71ACDE00F085BC /* de */,
			);
			name = LaunchScreen.storyboard;
			sourceTree = "<group>";
		};
		6C7EE8351F97E4FE00D4A288 /* about.html */ = {
			isa = PBXVariantGroup;
			children = (
				6C7EE8341F97E4FE00D4A288 /* Base */,
				6C7EE8361F97E50E00D4A288 /* de */,
			);
			name = about.html;
			sourceTree = "<group>";
		};
		6C7EE84A1F9B704800D4A288 /* MainInterface.storyboard */ = {
			isa = PBXVariantGroup;
			children = (
				6C7EE84B1F9B704800D4A288 /* Base */,
			);
			name = MainInterface.storyboard;
			sourceTree = "<group>";
		};
		967D19701FE5484A0088DCF5 /* Interface.storyboard */ = {
			isa = PBXVariantGroup;
			children = (
				967D19711FE5484A0088DCF5 /* Base */,
			);
			name = Interface.storyboard;
			sourceTree = "<group>";
		};
/* End PBXVariantGroup section */

/* Begin XCBuildConfiguration section */
		6C6CAB921F0FB6F000810568 /* Debug */ = {
			isa = XCBuildConfiguration;
			buildSettings = {
				ALWAYS_SEARCH_USER_PATHS = NO;
				CLANG_ANALYZER_LOCALIZABILITY_NONLOCALIZED = YES;
				CLANG_ANALYZER_NONNULL = YES;
				CLANG_ANALYZER_NUMBER_OBJECT_CONVERSION = YES_AGGRESSIVE;
				CLANG_CXX_LANGUAGE_STANDARD = "gnu++0x";
				CLANG_CXX_LIBRARY = "libc++";
				CLANG_ENABLE_MODULES = YES;
				CLANG_ENABLE_OBJC_ARC = YES;
				CLANG_WARN_BLOCK_CAPTURE_AUTORELEASING = YES;
				CLANG_WARN_BOOL_CONVERSION = YES;
				CLANG_WARN_COMMA = YES;
				CLANG_WARN_CONSTANT_CONVERSION = YES;
				CLANG_WARN_DIRECT_OBJC_ISA_USAGE = YES_ERROR;
				CLANG_WARN_DOCUMENTATION_COMMENTS = YES;
				CLANG_WARN_EMPTY_BODY = YES;
				CLANG_WARN_ENUM_CONVERSION = YES;
				CLANG_WARN_INFINITE_RECURSION = YES;
				CLANG_WARN_INT_CONVERSION = YES;
				CLANG_WARN_NON_LITERAL_NULL_CONVERSION = YES;
				CLANG_WARN_OBJC_LITERAL_CONVERSION = YES;
				CLANG_WARN_OBJC_ROOT_CLASS = YES_ERROR;
				CLANG_WARN_RANGE_LOOP_ANALYSIS = YES;
				CLANG_WARN_STRICT_PROTOTYPES = YES;
				CLANG_WARN_SUSPICIOUS_MOVE = YES;
				CLANG_WARN_UNREACHABLE_CODE = YES;
				CLANG_WARN__DUPLICATE_METHOD_MATCH = YES;
				"CODE_SIGN_IDENTITY[sdk=iphoneos*]" = "iPhone Developer";
				COPY_PHASE_STRIP = NO;
				DEBUG_INFORMATION_FORMAT = dwarf;
				ENABLE_STRICT_OBJC_MSGSEND = YES;
				ENABLE_TESTABILITY = YES;
				GCC_C_LANGUAGE_STANDARD = gnu99;
				GCC_DYNAMIC_NO_PIC = NO;
				GCC_NO_COMMON_BLOCKS = YES;
				GCC_OPTIMIZATION_LEVEL = 0;
				GCC_PREPROCESSOR_DEFINITIONS = (
					"DEBUG=1",
					"$(inherited)",
				);
				GCC_WARN_64_TO_32_BIT_CONVERSION = YES;
				GCC_WARN_ABOUT_RETURN_TYPE = YES_ERROR;
				GCC_WARN_UNDECLARED_SELECTOR = YES;
				GCC_WARN_UNINITIALIZED_AUTOS = YES_AGGRESSIVE;
				GCC_WARN_UNUSED_FUNCTION = YES;
				GCC_WARN_UNUSED_VARIABLE = YES;
				IPHONEOS_DEPLOYMENT_TARGET = 10.3;
				MTL_ENABLE_DEBUG_INFO = YES;
				ONLY_ACTIVE_ARCH = YES;
				SDKROOT = iphoneos;
				SWIFT_VERSION = 4.0;
			};
			name = Debug;
		};
		6C6CAB931F0FB6F000810568 /* Release */ = {
			isa = XCBuildConfiguration;
			buildSettings = {
				ALWAYS_SEARCH_USER_PATHS = NO;
				CLANG_ANALYZER_LOCALIZABILITY_NONLOCALIZED = YES;
				CLANG_ANALYZER_NONNULL = YES;
				CLANG_ANALYZER_NUMBER_OBJECT_CONVERSION = YES_AGGRESSIVE;
				CLANG_CXX_LANGUAGE_STANDARD = "gnu++0x";
				CLANG_CXX_LIBRARY = "libc++";
				CLANG_ENABLE_MODULES = YES;
				CLANG_ENABLE_OBJC_ARC = YES;
				CLANG_WARN_BLOCK_CAPTURE_AUTORELEASING = YES;
				CLANG_WARN_BOOL_CONVERSION = YES;
				CLANG_WARN_COMMA = YES;
				CLANG_WARN_CONSTANT_CONVERSION = YES;
				CLANG_WARN_DIRECT_OBJC_ISA_USAGE = YES_ERROR;
				CLANG_WARN_DOCUMENTATION_COMMENTS = YES;
				CLANG_WARN_EMPTY_BODY = YES;
				CLANG_WARN_ENUM_CONVERSION = YES;
				CLANG_WARN_INFINITE_RECURSION = YES;
				CLANG_WARN_INT_CONVERSION = YES;
				CLANG_WARN_NON_LITERAL_NULL_CONVERSION = YES;
				CLANG_WARN_OBJC_LITERAL_CONVERSION = YES;
				CLANG_WARN_OBJC_ROOT_CLASS = YES_ERROR;
				CLANG_WARN_RANGE_LOOP_ANALYSIS = YES;
				CLANG_WARN_STRICT_PROTOTYPES = YES;
				CLANG_WARN_SUSPICIOUS_MOVE = YES;
				CLANG_WARN_UNREACHABLE_CODE = YES;
				CLANG_WARN__DUPLICATE_METHOD_MATCH = YES;
				"CODE_SIGN_IDENTITY[sdk=iphoneos*]" = "iPhone Developer";
				COPY_PHASE_STRIP = NO;
				DEBUG_INFORMATION_FORMAT = "dwarf-with-dsym";
				ENABLE_NS_ASSERTIONS = NO;
				ENABLE_STRICT_OBJC_MSGSEND = YES;
				GCC_C_LANGUAGE_STANDARD = gnu99;
				GCC_NO_COMMON_BLOCKS = YES;
				GCC_WARN_64_TO_32_BIT_CONVERSION = YES;
				GCC_WARN_ABOUT_RETURN_TYPE = YES_ERROR;
				GCC_WARN_UNDECLARED_SELECTOR = YES;
				GCC_WARN_UNINITIALIZED_AUTOS = YES_AGGRESSIVE;
				GCC_WARN_UNUSED_FUNCTION = YES;
				GCC_WARN_UNUSED_VARIABLE = YES;
				IPHONEOS_DEPLOYMENT_TARGET = 10.3;
				MTL_ENABLE_DEBUG_INFO = NO;
				SDKROOT = iphoneos;
				SWIFT_OPTIMIZATION_LEVEL = "-Owholemodule";
				SWIFT_VERSION = 4.0;
				VALIDATE_PRODUCT = YES;
			};
			name = Release;
		};
		6C6CAB951F0FB6F000810568 /* Debug */ = {
			isa = XCBuildConfiguration;
			baseConfigurationReference = 46557CDE10947FE710BCEEB5 /* Pods-openLibreReader.debug.xcconfig */;
			buildSettings = {
				ALWAYS_EMBED_SWIFT_STANDARD_LIBRARIES = "$(inherited)";
				ASSETCATALOG_COMPILER_APPICON_NAME = AppIcon;
				CLANG_ENABLE_MODULES = YES;
				CODE_SIGN_ENTITLEMENTS = openLibreReader/openLibreReader.entitlements;
				CODE_SIGN_IDENTITY = "iPhone Developer";
				DEFINES_MODULE = YES;
				DEVELOPMENT_TEAM = P7MBNPZ547;
				INFOPLIST_FILE = openLibreReader/Info.plist;
				IPHONEOS_DEPLOYMENT_TARGET = 10.0;
				LD_RUNPATH_SEARCH_PATHS = "$(inherited) @executable_path/Frameworks";
				PRODUCT_BUNDLE_IDENTIFIER = de.bluetoolz.openLibreReader;
				PRODUCT_NAME = "$(TARGET_NAME)";
				SWIFT_OBJC_BRIDGING_HEADER = "openLibreReader/openLibreReader-Bridging-Header.h";
				SWIFT_OPTIMIZATION_LEVEL = "-Onone";
				SWIFT_VERSION = 4.0;
			};
			name = Debug;
		};
		6C6CAB961F0FB6F000810568 /* Release */ = {
			isa = XCBuildConfiguration;
			baseConfigurationReference = 5014BCFD480F87CE7EB4C497 /* Pods-openLibreReader.release.xcconfig */;
			buildSettings = {
				ALWAYS_EMBED_SWIFT_STANDARD_LIBRARIES = "$(inherited)";
				ASSETCATALOG_COMPILER_APPICON_NAME = AppIcon;
				CLANG_ENABLE_MODULES = YES;
				CODE_SIGN_ENTITLEMENTS = openLibreReader/openLibreReader.entitlements;
				CODE_SIGN_IDENTITY = "iPhone Developer";
				DEFINES_MODULE = YES;
				DEVELOPMENT_TEAM = P7MBNPZ547;
				INFOPLIST_FILE = openLibreReader/Info.plist;
				IPHONEOS_DEPLOYMENT_TARGET = 10.0;
				LD_RUNPATH_SEARCH_PATHS = "$(inherited) @executable_path/Frameworks";
				PRODUCT_BUNDLE_IDENTIFIER = de.bluetoolz.openLibreReader;
				PRODUCT_NAME = "$(TARGET_NAME)";
				SWIFT_OBJC_BRIDGING_HEADER = "openLibreReader/openLibreReader-Bridging-Header.h";
				SWIFT_VERSION = 4.0;
			};
			name = Release;
		};
		6C7EE8511F9B704800D4A288 /* Debug */ = {
			isa = XCBuildConfiguration;
			baseConfigurationReference = 4A6B634884485047D4A30DA0 /* Pods-openLibreReaderWidget.debug.xcconfig */;
			buildSettings = {
				APPLICATION_EXTENSION_API_ONLY = YES;
				CLANG_CXX_LANGUAGE_STANDARD = "gnu++14";
				CLANG_WARN_UNGUARDED_AVAILABILITY = YES_AGGRESSIVE;
				CODE_SIGN_ENTITLEMENTS = openLibreReaderWidget/openLibreReaderWidget.entitlements;
				CODE_SIGN_IDENTITY = "iPhone Developer";
				CODE_SIGN_STYLE = Automatic;
				DEVELOPMENT_TEAM = P7MBNPZ547;
				GCC_C_LANGUAGE_STANDARD = gnu11;
				INFOPLIST_FILE = openLibreReaderWidget/Info.plist;
				IPHONEOS_DEPLOYMENT_TARGET = 10.0;
				LD_RUNPATH_SEARCH_PATHS = "$(inherited) @executable_path/Frameworks @executable_path/../../Frameworks";
				PRODUCT_BUNDLE_IDENTIFIER = de.bluetoolz.openLibreReader.openLibreReaderWidget;
				PRODUCT_NAME = "$(TARGET_NAME)";
				SKIP_INSTALL = YES;
				TARGETED_DEVICE_FAMILY = "1,2";
			};
			name = Debug;
		};
		6C7EE8521F9B704800D4A288 /* Release */ = {
			isa = XCBuildConfiguration;
			baseConfigurationReference = 28FD1ABECB81DF9FF6A393D5 /* Pods-openLibreReaderWidget.release.xcconfig */;
			buildSettings = {
				APPLICATION_EXTENSION_API_ONLY = YES;
				CLANG_CXX_LANGUAGE_STANDARD = "gnu++14";
				CLANG_WARN_UNGUARDED_AVAILABILITY = YES_AGGRESSIVE;
				CODE_SIGN_ENTITLEMENTS = openLibreReaderWidget/openLibreReaderWidget.entitlements;
				CODE_SIGN_IDENTITY = "iPhone Developer";
				CODE_SIGN_STYLE = Automatic;
				DEVELOPMENT_TEAM = P7MBNPZ547;
				GCC_C_LANGUAGE_STANDARD = gnu11;
				INFOPLIST_FILE = openLibreReaderWidget/Info.plist;
				IPHONEOS_DEPLOYMENT_TARGET = 10.0;
				LD_RUNPATH_SEARCH_PATHS = "$(inherited) @executable_path/Frameworks @executable_path/../../Frameworks";
				PRODUCT_BUNDLE_IDENTIFIER = de.bluetoolz.openLibreReader.openLibreReaderWidget;
				PRODUCT_NAME = "$(TARGET_NAME)";
				SKIP_INSTALL = YES;
				TARGETED_DEVICE_FAMILY = "1,2";
			};
			name = Release;
		};
		967D198E1FE5484B0088DCF5 /* Debug */ = {
			isa = XCBuildConfiguration;
			baseConfigurationReference = FDA85F3FBA8B0F9E1527DEA4 /* Pods-openLibreWatch.debug.xcconfig */;
			buildSettings = {
				ALWAYS_EMBED_SWIFT_STANDARD_LIBRARIES = YES;
				ASSETCATALOG_COMPILER_APPICON_NAME = AppIcon;
				CLANG_CXX_LANGUAGE_STANDARD = "gnu++14";
				CLANG_WARN_UNGUARDED_AVAILABILITY = YES_AGGRESSIVE;
				CODE_SIGN_ENTITLEMENTS = openLibreWatch/openLibreWatch.entitlements;
				CODE_SIGN_IDENTITY = "iPhone Developer";
				CODE_SIGN_STYLE = Automatic;
				DEVELOPMENT_TEAM = P7MBNPZ547;
				GCC_C_LANGUAGE_STANDARD = gnu11;
				IBSC_MODULE = openLibreWatch_Extension;
				INFOPLIST_FILE = openLibreWatch/Info.plist;
				PRODUCT_BUNDLE_IDENTIFIER = de.bluetoolz.openLibreReader.watchkitapp;
				PRODUCT_NAME = "$(TARGET_NAME)";
				SDKROOT = watchos;
				SKIP_INSTALL = YES;
				SWIFT_ACTIVE_COMPILATION_CONDITIONS = DEBUG;
				SWIFT_OPTIMIZATION_LEVEL = "-Onone";
				SWIFT_VERSION = 4.0;
				TARGETED_DEVICE_FAMILY = 4;
				WATCHOS_DEPLOYMENT_TARGET = 4.0;
			};
			name = Debug;
		};
		967D198F1FE5484B0088DCF5 /* Release */ = {
			isa = XCBuildConfiguration;
			baseConfigurationReference = 16D4EF9A39A3DF4758740879 /* Pods-openLibreWatch.release.xcconfig */;
			buildSettings = {
				ALWAYS_EMBED_SWIFT_STANDARD_LIBRARIES = YES;
				ASSETCATALOG_COMPILER_APPICON_NAME = AppIcon;
				CLANG_CXX_LANGUAGE_STANDARD = "gnu++14";
				CLANG_WARN_UNGUARDED_AVAILABILITY = YES_AGGRESSIVE;
				CODE_SIGN_ENTITLEMENTS = openLibreWatch/openLibreWatch.entitlements;
				CODE_SIGN_IDENTITY = "iPhone Developer";
				CODE_SIGN_STYLE = Automatic;
				DEVELOPMENT_TEAM = P7MBNPZ547;
				GCC_C_LANGUAGE_STANDARD = gnu11;
				IBSC_MODULE = openLibreWatch_Extension;
				INFOPLIST_FILE = openLibreWatch/Info.plist;
				PRODUCT_BUNDLE_IDENTIFIER = de.bluetoolz.openLibreReader.watchkitapp;
				PRODUCT_NAME = "$(TARGET_NAME)";
				SDKROOT = watchos;
				SKIP_INSTALL = YES;
				SWIFT_OPTIMIZATION_LEVEL = "-Owholemodule";
				SWIFT_VERSION = 4.0;
				TARGETED_DEVICE_FAMILY = 4;
				WATCHOS_DEPLOYMENT_TARGET = 4.0;
			};
			name = Release;
		};
		967D19901FE5484B0088DCF5 /* Debug */ = {
			isa = XCBuildConfiguration;
			buildSettings = {
				ASSETCATALOG_COMPILER_COMPLICATION_NAME = Complication;
				CLANG_CXX_LANGUAGE_STANDARD = "gnu++14";
				CLANG_WARN_UNGUARDED_AVAILABILITY = YES_AGGRESSIVE;
				CODE_SIGN_ENTITLEMENTS = "openLibreWatch Extension/openLibreWatch Extension.entitlements";
				CODE_SIGN_STYLE = Automatic;
				DEFINES_MODULE = YES;
				DEVELOPMENT_TEAM = P7MBNPZ547;
				GCC_C_LANGUAGE_STANDARD = gnu11;
				INFOPLIST_FILE = "openLibreWatch Extension/Info.plist";
				LD_RUNPATH_SEARCH_PATHS = "$(inherited) @executable_path/Frameworks @executable_path/../../Frameworks";
				PRODUCT_BUNDLE_IDENTIFIER = de.bluetoolz.openLibreReader.watchkitapp.watchkitextension;
				PRODUCT_NAME = "${TARGET_NAME}";
				SDKROOT = watchos;
				SKIP_INSTALL = YES;
				SWIFT_ACTIVE_COMPILATION_CONDITIONS = DEBUG;
				SWIFT_OBJC_BRIDGING_HEADER = "$(PROJECT_DIR)/openLibreWatch Extension/Bridging-Header.h";
				SWIFT_OPTIMIZATION_LEVEL = "-Onone";
				SWIFT_VERSION = 4.0;
				TARGETED_DEVICE_FAMILY = 4;
				WATCHOS_DEPLOYMENT_TARGET = 4.0;
			};
			name = Debug;
		};
		967D19911FE5484B0088DCF5 /* Release */ = {
			isa = XCBuildConfiguration;
			buildSettings = {
				ASSETCATALOG_COMPILER_COMPLICATION_NAME = Complication;
				CLANG_CXX_LANGUAGE_STANDARD = "gnu++14";
				CLANG_WARN_UNGUARDED_AVAILABILITY = YES_AGGRESSIVE;
				CODE_SIGN_ENTITLEMENTS = "openLibreWatch Extension/openLibreWatch Extension.entitlements";
				CODE_SIGN_STYLE = Automatic;
				DEFINES_MODULE = YES;
				DEVELOPMENT_TEAM = P7MBNPZ547;
				GCC_C_LANGUAGE_STANDARD = gnu11;
				INFOPLIST_FILE = "openLibreWatch Extension/Info.plist";
				LD_RUNPATH_SEARCH_PATHS = "$(inherited) @executable_path/Frameworks @executable_path/../../Frameworks";
				PRODUCT_BUNDLE_IDENTIFIER = de.bluetoolz.openLibreReader.watchkitapp.watchkitextension;
				PRODUCT_NAME = "${TARGET_NAME}";
				SDKROOT = watchos;
				SKIP_INSTALL = YES;
				SWIFT_OBJC_BRIDGING_HEADER = "$(PROJECT_DIR)/openLibreWatch Extension/Bridging-Header.h";
				SWIFT_OPTIMIZATION_LEVEL = "-Owholemodule";
				SWIFT_VERSION = 4.0;
				TARGETED_DEVICE_FAMILY = 4;
				WATCHOS_DEPLOYMENT_TARGET = 4.0;
			};
			name = Release;
		};
/* End XCBuildConfiguration section */

/* Begin XCConfigurationList section */
		6C6CAB751F0FB6F000810568 /* Build configuration list for PBXProject "openLibreReader" */ = {
			isa = XCConfigurationList;
			buildConfigurations = (
				6C6CAB921F0FB6F000810568 /* Debug */,
				6C6CAB931F0FB6F000810568 /* Release */,
			);
			defaultConfigurationIsVisible = 0;
			defaultConfigurationName = Release;
		};
		6C6CAB941F0FB6F000810568 /* Build configuration list for PBXNativeTarget "openLibreReader" */ = {
			isa = XCConfigurationList;
			buildConfigurations = (
				6C6CAB951F0FB6F000810568 /* Debug */,
				6C6CAB961F0FB6F000810568 /* Release */,
			);
			defaultConfigurationIsVisible = 0;
			defaultConfigurationName = Release;
		};
		6C7EE8541F9B704800D4A288 /* Build configuration list for PBXNativeTarget "openLibreReaderWidget" */ = {
			isa = XCConfigurationList;
			buildConfigurations = (
				6C7EE8511F9B704800D4A288 /* Debug */,
				6C7EE8521F9B704800D4A288 /* Release */,
			);
			defaultConfigurationIsVisible = 0;
			defaultConfigurationName = Release;
		};
		967D19921FE5484B0088DCF5 /* Build configuration list for PBXNativeTarget "openLibreWatch Extension" */ = {
			isa = XCConfigurationList;
			buildConfigurations = (
				967D19901FE5484B0088DCF5 /* Debug */,
				967D19911FE5484B0088DCF5 /* Release */,
			);
			defaultConfigurationIsVisible = 0;
			defaultConfigurationName = Release;
		};
		967D19941FE5484B0088DCF5 /* Build configuration list for PBXNativeTarget "openLibreWatch" */ = {
			isa = XCConfigurationList;
			buildConfigurations = (
				967D198E1FE5484B0088DCF5 /* Debug */,
				967D198F1FE5484B0088DCF5 /* Release */,
			);
			defaultConfigurationIsVisible = 0;
			defaultConfigurationName = Release;
		};
/* End XCConfigurationList section */
	};
	rootObject = 6C6CAB721F0FB6F000810568 /* Project object */;
}
